// !$*UTF8*$!
{
	archiveVersion = 1;
	classes = {
	};
	objectVersion = 46;
	objects = {

/* Begin PBXBuildFile section */
		FA5B4DC81631D48700C41D08 /* UIKit.framework in Frameworks */ = {isa = PBXBuildFile; fileRef = FA5B4DC71631D48700C41D08 /* UIKit.framework */; };
		FA5B4DCA1631D48700C41D08 /* Foundation.framework in Frameworks */ = {isa = PBXBuildFile; fileRef = FA5B4DC91631D48700C41D08 /* Foundation.framework */; };
		FA5B4DCC1631D48700C41D08 /* CoreGraphics.framework in Frameworks */ = {isa = PBXBuildFile; fileRef = FA5B4DCB1631D48700C41D08 /* CoreGraphics.framework */; };
		FA5B4DD21631D48700C41D08 /* InfoPlist.strings in Resources */ = {isa = PBXBuildFile; fileRef = FA5B4DD01631D48700C41D08 /* InfoPlist.strings */; };
		FA5B4DD41631D48700C41D08 /* main.m in Sources */ = {isa = PBXBuildFile; fileRef = FA5B4DD31631D48700C41D08 /* main.m */; };
		FA5B4DD81631D48700C41D08 /* ALAppDelegate.m in Sources */ = {isa = PBXBuildFile; fileRef = FA5B4DD71631D48700C41D08 /* ALAppDelegate.m */; };
		FA5B4DDA1631D48700C41D08 /* Default.png in Resources */ = {isa = PBXBuildFile; fileRef = FA5B4DD91631D48700C41D08 /* Default.png */; };
		FA5B4DDC1631D48700C41D08 /* Default@2x.png in Resources */ = {isa = PBXBuildFile; fileRef = FA5B4DDB1631D48700C41D08 /* Default@2x.png */; };
		FA5B4DDE1631D48700C41D08 /* Default-568h@2x.png in Resources */ = {isa = PBXBuildFile; fileRef = FA5B4DDD1631D48700C41D08 /* Default-568h@2x.png */; };
		FA5B4DE11631D48700C41D08 /* MainStoryboard_iPhone.storyboard in Resources */ = {isa = PBXBuildFile; fileRef = FA5B4DDF1631D48700C41D08 /* MainStoryboard_iPhone.storyboard */; };
		FA5B4DE41631D48700C41D08 /* MainStoryboard_iPad.storyboard in Resources */ = {isa = PBXBuildFile; fileRef = FA5B4DE21631D48700C41D08 /* MainStoryboard_iPad.storyboard */; };
		FA5B4DE71631D48700C41D08 /* ALViewController.m in Sources */ = {isa = PBXBuildFile; fileRef = FA5B4DE61631D48700C41D08 /* ALViewController.m */; };
/* End PBXBuildFile section */

/* Begin PBXFileReference section */
		FA5B4DC31631D48700C41D08 /* Test.app */ = {isa = PBXFileReference; explicitFileType = wrapper.application; includeInIndex = 0; path = Test.app; sourceTree = BUILT_PRODUCTS_DIR; };
		FA5B4DC71631D48700C41D08 /* UIKit.framework */ = {isa = PBXFileReference; lastKnownFileType = wrapper.framework; name = UIKit.framework; path = System/Library/Frameworks/UIKit.framework; sourceTree = SDKROOT; };
		FA5B4DC91631D48700C41D08 /* Foundation.framework */ = {isa = PBXFileReference; lastKnownFileType = wrapper.framework; name = Foundation.framework; path = System/Library/Frameworks/Foundation.framework; sourceTree = SDKROOT; };
		FA5B4DCB1631D48700C41D08 /* CoreGraphics.framework */ = {isa = PBXFileReference; lastKnownFileType = wrapper.framework; name = CoreGraphics.framework; path = System/Library/Frameworks/CoreGraphics.framework; sourceTree = SDKROOT; };
		FA5B4DCF1631D48700C41D08 /* Test-Info.plist */ = {isa = PBXFileReference; lastKnownFileType = text.plist.xml; path = "Test-Info.plist"; sourceTree = "<group>"; };
		FA5B4DD11631D48700C41D08 /* en */ = {isa = PBXFileReference; lastKnownFileType = text.plist.strings; name = en; path = en.lproj/InfoPlist.strings; sourceTree = "<group>"; };
		FA5B4DD31631D48700C41D08 /* main.m */ = {isa = PBXFileReference; lastKnownFileType = sourcecode.c.objc; path = main.m; sourceTree = "<group>"; };
		FA5B4DD51631D48700C41D08 /* Test-Prefix.pch */ = {isa = PBXFileReference; lastKnownFileType = sourcecode.c.h; path = "Test-Prefix.pch"; sourceTree = "<group>"; };
		FA5B4DD61631D48700C41D08 /* ALAppDelegate.h */ = {isa = PBXFileReference; lastKnownFileType = sourcecode.c.h; path = ALAppDelegate.h; sourceTree = "<group>"; };
		FA5B4DD71631D48700C41D08 /* ALAppDelegate.m */ = {isa = PBXFileReference; lastKnownFileType = sourcecode.c.objc; path = ALAppDelegate.m; sourceTree = "<group>"; };
		FA5B4DD91631D48700C41D08 /* Default.png */ = {isa = PBXFileReference; lastKnownFileType = image.png; path = Default.png; sourceTree = "<group>"; };
		FA5B4DDB1631D48700C41D08 /* Default@2x.png */ = {isa = PBXFileReference; lastKnownFileType = image.png; path = "Default@2x.png"; sourceTree = "<group>"; };
		FA5B4DDD1631D48700C41D08 /* Default-568h@2x.png */ = {isa = PBXFileReference; lastKnownFileType = image.png; path = "Default-568h@2x.png"; sourceTree = "<group>"; };
		FA5B4DE01631D48700C41D08 /* en */ = {isa = PBXFileReference; lastKnownFileType = file.storyboard; name = en; path = en.lproj/MainStoryboard_iPhone.storyboard; sourceTree = "<group>"; };
		FA5B4DE31631D48700C41D08 /* en */ = {isa = PBXFileReference; lastKnownFileType = file.storyboard; name = en; path = en.lproj/MainStoryboard_iPad.storyboard; sourceTree = "<group>"; };
		FA5B4DE51631D48700C41D08 /* ALViewController.h */ = {isa = PBXFileReference; lastKnownFileType = sourcecode.c.h; path = ALViewController.h; sourceTree = "<group>"; };
		FA5B4DE61631D48700C41D08 /* ALViewController.m */ = {isa = PBXFileReference; lastKnownFileType = sourcecode.c.objc; path = ALViewController.m; sourceTree = "<group>"; };
/* End PBXFileReference section */

/* Begin PBXFrameworksBuildPhase section */
		FA5B4DC01631D48700C41D08 /* Frameworks */ = {
			isa = PBXFrameworksBuildPhase;
			buildActionMask = 2147483647;
			files = (
				FA5B4DC81631D48700C41D08 /* UIKit.framework in Frameworks */,
				FA5B4DCA1631D48700C41D08 /* Foundation.framework in Frameworks */,
				FA5B4DCC1631D48700C41D08 /* CoreGraphics.framework in Frameworks */,
			);
			runOnlyForDeploymentPostprocessing = 0;
		};
/* End PBXFrameworksBuildPhase section */

/* Begin PBXGroup section */
		FA5B4DB81631D48700C41D08 = {
			isa = PBXGroup;
			children = (
				FA5B4DCD1631D48700C41D08 /* Test */,
				FA5B4DC61631D48700C41D08 /* Frameworks */,
				FA5B4DC41631D48700C41D08 /* Products */,
			);
			sourceTree = "<group>";
		};
		FA5B4DC41631D48700C41D08 /* Products */ = {
			isa = PBXGroup;
			children = (
				FA5B4DC31631D48700C41D08 /* Test.app */,
			);
			name = Products;
			sourceTree = "<group>";
		};
		FA5B4DC61631D48700C41D08 /* Frameworks */ = {
			isa = PBXGroup;
			children = (
				FA5B4DC71631D48700C41D08 /* UIKit.framework */,
				FA5B4DC91631D48700C41D08 /* Foundation.framework */,
				FA5B4DCB1631D48700C41D08 /* CoreGraphics.framework */,
			);
			name = Frameworks;
			sourceTree = "<group>";
		};
		FA5B4DCD1631D48700C41D08 /* Test */ = {
			isa = PBXGroup;
			children = (
				FA5B4DD61631D48700C41D08 /* ALAppDelegate.h */,
				FA5B4DD71631D48700C41D08 /* ALAppDelegate.m */,
				FA5B4DDF1631D48700C41D08 /* MainStoryboard_iPhone.storyboard */,
				FA5B4DE21631D48700C41D08 /* MainStoryboard_iPad.storyboard */,
				FA5B4DE51631D48700C41D08 /* ALViewController.h */,
				FA5B4DE61631D48700C41D08 /* ALViewController.m */,
				FA5B4DCE1631D48700C41D08 /* Supporting Files */,
			);
			path = Test;
			sourceTree = "<group>";
		};
		FA5B4DCE1631D48700C41D08 /* Supporting Files */ = {
			isa = PBXGroup;
			children = (
				FA5B4DCF1631D48700C41D08 /* Test-Info.plist */,
				FA5B4DD01631D48700C41D08 /* InfoPlist.strings */,
				FA5B4DD31631D48700C41D08 /* main.m */,
				FA5B4DD51631D48700C41D08 /* Test-Prefix.pch */,
				FA5B4DD91631D48700C41D08 /* Default.png */,
				FA5B4DDB1631D48700C41D08 /* Default@2x.png */,
				FA5B4DDD1631D48700C41D08 /* Default-568h@2x.png */,
			);
			name = "Supporting Files";
			sourceTree = "<group>";
		};
/* End PBXGroup section */

/* Begin PBXNativeTarget section */
		FA5B4DC21631D48700C41D08 /* Test */ = {
			isa = PBXNativeTarget;
			buildConfigurationList = FA5B4DEA1631D48700C41D08 /* Build configuration list for PBXNativeTarget "Test" */;
			buildPhases = (
				FA5B4DBF1631D48700C41D08 /* Sources */,
				FA5B4DC01631D48700C41D08 /* Frameworks */,
				FA5B4DC11631D48700C41D08 /* Resources */,
			);
			buildRules = (
			);
			dependencies = (
			);
			name = Test;
			productName = Test;
			productReference = FA5B4DC31631D48700C41D08 /* Test.app */;
			productType = "com.apple.product-type.application";
		};
/* End PBXNativeTarget section */

/* Begin PBXProject section */
		FA5B4DBA1631D48700C41D08 /* Project object */ = {
			isa = PBXProject;
			attributes = {
				CLASSPREFIX = AL;
				LastUpgradeCheck = 0450;
				ORGANIZATIONNAME = "Alex Layton";
			};
			buildConfigurationList = FA5B4DBD1631D48700C41D08 /* Build configuration list for PBXProject "Test" */;
			compatibilityVersion = "Xcode 3.2";
			developmentRegion = English;
			hasScannedForEncodings = 0;
			knownRegions = (
				en,
			);
			mainGroup = FA5B4DB81631D48700C41D08;
			productRefGroup = FA5B4DC41631D48700C41D08 /* Products */;
			projectDirPath = "";
			projectRoot = "";
			targets = (
				FA5B4DC21631D48700C41D08 /* Test */,
			);
		};
/* End PBXProject section */

/* Begin PBXResourcesBuildPhase section */
		FA5B4DC11631D48700C41D08 /* Resources */ = {
			isa = PBXResourcesBuildPhase;
			buildActionMask = 2147483647;
			files = (
				FA5B4DD21631D48700C41D08 /* InfoPlist.strings in Resources */,
				FA5B4DDA1631D48700C41D08 /* Default.png in Resources */,
				FA5B4DDC1631D48700C41D08 /* Default@2x.png in Resources */,
				FA5B4DDE1631D48700C41D08 /* Default-568h@2x.png in Resources */,
				FA5B4DE11631D48700C41D08 /* MainStoryboard_iPhone.storyboard in Resources */,
				FA5B4DE41631D48700C41D08 /* MainStoryboard_iPad.storyboard in Resources */,
			);
			runOnlyForDeploymentPostprocessing = 0;
		};
/* End PBXResourcesBuildPhase section */

/* Begin PBXSourcesBuildPhase section */
		FA5B4DBF1631D48700C41D08 /* Sources */ = {
			isa = PBXSourcesBuildPhase;
			buildActionMask = 2147483647;
			files = (
				FA5B4DD41631D48700C41D08 /* main.m in Sources */,
				FA5B4DD81631D48700C41D08 /* ALAppDelegate.m in Sources */,
				FA5B4DE71631D48700C41D08 /* ALViewController.m in Sources */,
			);
			runOnlyForDeploymentPostprocessing = 0;
		};
/* End PBXSourcesBuildPhase section */

/* Begin PBXVariantGroup section */
		FA5B4DD01631D48700C41D08 /* InfoPlist.strings */ = {
			isa = PBXVariantGroup;
			children = (
				FA5B4DD11631D48700C41D08 /* en */,
			);
			name = InfoPlist.strings;
			sourceTree = "<group>";
		};
		FA5B4DDF1631D48700C41D08 /* MainStoryboard_iPhone.storyboard */ = {
			isa = PBXVariantGroup;
			children = (
				FA5B4DE01631D48700C41D08 /* en */,
			);
			name = MainStoryboard_iPhone.storyboard;
			sourceTree = "<group>";
		};
		FA5B4DE21631D48700C41D08 /* MainStoryboard_iPad.storyboard */ = {
			isa = PBXVariantGroup;
			children = (
				FA5B4DE31631D48700C41D08 /* en */,
			);
			name = MainStoryboard_iPad.storyboard;
			sourceTree = "<group>";
		};
/* End PBXVariantGroup section */

/* Begin XCBuildConfiguration section */
		FA5B4DE81631D48700C41D08 /* Debug */ = {
			isa = XCBuildConfiguration;
			buildSettings = {
				ALWAYS_SEARCH_USER_PATHS = NO;
				CLANG_CXX_LANGUAGE_STANDARD = "gnu++0x";
				CLANG_CXX_LIBRARY = "libc++";
				CLANG_ENABLE_OBJC_ARC = YES;
				CLANG_WARN_EMPTY_BODY = YES;
				CLANG_WARN__DUPLICATE_METHOD_MATCH = YES;
				"CODE_SIGN_IDENTITY[sdk=iphoneos*]" = "iPhone Developer";
				COPY_PHASE_STRIP = NO;
				GCC_C_LANGUAGE_STANDARD = gnu99;
				GCC_DYNAMIC_NO_PIC = NO;
				GCC_OPTIMIZATION_LEVEL = 0;
				GCC_PREPROCESSOR_DEFINITIONS = (
					"DEBUG=1",
					"$(inherited)",
				);
				GCC_SYMBOLS_PRIVATE_EXTERN = NO;
				GCC_WARN_ABOUT_RETURN_TYPE = YES;
				GCC_WARN_UNINITIALIZED_AUTOS = YES;
				GCC_WARN_UNUSED_VARIABLE = YES;
				IPHONEOS_DEPLOYMENT_TARGET = 6.0;
				SDKROOT = iphoneos;
				TARGETED_DEVICE_FAMILY = "1,2";
			};
			name = Debug;
		};
		FA5B4DE91631D48700C41D08 /* Release */ = {
			isa = XCBuildConfiguration;
			buildSettings = {
				ALWAYS_SEARCH_USER_PATHS = NO;
				CLANG_CXX_LANGUAGE_STANDARD = "gnu++0x";
				CLANG_CXX_LIBRARY = "libc++";
				CLANG_ENABLE_OBJC_ARC = YES;
				CLANG_WARN_EMPTY_BODY = YES;
				CLANG_WARN__DUPLICATE_METHOD_MATCH = YES;
				"CODE_SIGN_IDENTITY[sdk=iphoneos*]" = "iPhone Developer";
				COPY_PHASE_STRIP = YES;
				GCC_C_LANGUAGE_STANDARD = gnu99;
				GCC_WARN_ABOUT_RETURN_TYPE = YES;
				GCC_WARN_UNINITIALIZED_AUTOS = YES;
				GCC_WARN_UNUSED_VARIABLE = YES;
				IPHONEOS_DEPLOYMENT_TARGET = 6.0;
				OTHER_CFLAGS = "-DNS_BLOCK_ASSERTIONS=1";
				SDKROOT = iphoneos;
				TARGETED_DEVICE_FAMILY = "1,2";
				VALIDATE_PRODUCT = YES;
			};
			name = Release;
		};
		FA5B4DEB1631D48700C41D08 /* Debug */ = {
			isa = XCBuildConfiguration;
			buildSettings = {
				GCC_PRECOMPILE_PREFIX_HEADER = YES;
				GCC_PREFIX_HEADER = "Test/Test-Prefix.pch";
				INFOPLIST_FILE = "Test/Test-Info.plist";
				PRODUCT_NAME = "$(TARGET_NAME)";
				WRAPPER_EXTENSION = app;
			};
			name = Debug;
		};
		FA5B4DEC1631D48700C41D08 /* Release */ = {
			isa = XCBuildConfiguration;
			buildSettings = {
				GCC_PRECOMPILE_PREFIX_HEADER = YES;
				GCC_PREFIX_HEADER = "Test/Test-Prefix.pch";
				INFOPLIST_FILE = "Test/Test-Info.plist";
				PRODUCT_NAME = "$(TARGET_NAME)";
				WRAPPER_EXTENSION = app;
			};
			name = Release;
		};
/* End XCBuildConfiguration section */

/* Begin XCConfigurationList section */
		FA5B4DBD1631D48700C41D08 /* Build configuration list for PBXProject "Test" */ = {
			isa = XCConfigurationList;
			buildConfigurations = (
				FA5B4DE81631D48700C41D08 /* Debug */,
				FA5B4DE91631D48700C41D08 /* Release */,
			);
			defaultConfigurationIsVisible = 0;
			defaultConfigurationName = Release;
		};
		FA5B4DEA1631D48700C41D08 /* Build configuration list for PBXNativeTarget "Test" */ = {
			isa = XCConfigurationList;
			buildConfigurations = (
				FA5B4DEB1631D48700C41D08 /* Debug */,
				FA5B4DEC1631D48700C41D08 /* Release */,
			);
			defaultConfigurationIsVisible = 0;
		};
/* End XCConfigurationList section */
	};
	rootObject = FA5B4DBA1631D48700C41D08 /* Project object */;
}
