// !$*UTF8*$!
{
	archiveVersion = 1;
	classes = {
	};
	objectVersion = 46;
	objects = {

/* Begin PBXBuildFile section */
		D506261E85744CBEB1BB685A /* libPods.a in Frameworks */ = {isa = PBXBuildFile; fileRef = F5A7442452904C11BD74FEF6 /* libPods.a */; };
		FA02147916A19D30002245C2 /* backbuttonblue.png in Resources */ = {isa = PBXBuildFile; fileRef = FA02147716A19D2F002245C2 /* backbuttonblue.png */; };
		FA02147A16A19D30002245C2 /* backbuttonblue@2x.png in Resources */ = {isa = PBXBuildFile; fileRef = FA02147816A19D2F002245C2 /* backbuttonblue@2x.png */; };
		FA02147E16A19D3B002245C2 /* barbuttonblue.png in Resources */ = {isa = PBXBuildFile; fileRef = FA02147C16A19D3B002245C2 /* barbuttonblue.png */; };
		FA02147F16A19D3B002245C2 /* barbuttonblue@2x.png in Resources */ = {isa = PBXBuildFile; fileRef = FA02147D16A19D3B002245C2 /* barbuttonblue@2x.png */; };
		FA0446101680832700C47BA8 /* navbar.png in Resources */ = {isa = PBXBuildFile; fileRef = FA04460E1680832700C47BA8 /* navbar.png */; };
		FA0446111680832700C47BA8 /* navbar@2x.png in Resources */ = {isa = PBXBuildFile; fileRef = FA04460F1680832700C47BA8 /* navbar@2x.png */; };
		FA0446181680862100C47BA8 /* backbutton.png in Resources */ = {isa = PBXBuildFile; fileRef = FA0446121680862100C47BA8 /* backbutton.png */; };
		FA0446191680862100C47BA8 /* backbutton@2x.png in Resources */ = {isa = PBXBuildFile; fileRef = FA0446131680862100C47BA8 /* backbutton@2x.png */; };
		FA04461A1680862100C47BA8 /* barbutton.png in Resources */ = {isa = PBXBuildFile; fileRef = FA0446141680862100C47BA8 /* barbutton.png */; };
		FA04461B1680862100C47BA8 /* barbutton@2x.png in Resources */ = {isa = PBXBuildFile; fileRef = FA0446151680862100C47BA8 /* barbutton@2x.png */; };
		FA04461C1680862100C47BA8 /* toolbar.png in Resources */ = {isa = PBXBuildFile; fileRef = FA0446161680862100C47BA8 /* toolbar.png */; };
		FA04461D1680862100C47BA8 /* toolbar@2x.png in Resources */ = {isa = PBXBuildFile; fileRef = FA0446171680862100C47BA8 /* toolbar@2x.png */; };
		FA04462416808E9E00C47BA8 /* pattern.png in Resources */ = {isa = PBXBuildFile; fileRef = FA04462216808E9E00C47BA8 /* pattern.png */; };
		FA04462516808E9E00C47BA8 /* pattern@2x.png in Resources */ = {isa = PBXBuildFile; fileRef = FA04462316808E9E00C47BA8 /* pattern@2x.png */; };
		FA0454AC16AEDD89002EB841 /* CMAddress.m in Sources */ = {isa = PBXBuildFile; fileRef = FA0454AB16AEDD89002EB841 /* CMAddress.m */; };
		FA0454BC16AF0C0D002EB841 /* SSTextView.m in Sources */ = {isa = PBXBuildFile; fileRef = FA0454BB16AF0C0D002EB841 /* SSTextView.m */; };
		FA1329F516B402DA00FA5B27 /* MainStoryboard_iPad.storyboard in Resources */ = {isa = PBXBuildFile; fileRef = FA1329F316B402DA00FA5B27 /* MainStoryboard_iPad.storyboard */; };
		FA42400C16BBDAA60092671B /* CMAddTestViewController.m in Sources */ = {isa = PBXBuildFile; fileRef = FA42400B16BBDAA50092671B /* CMAddTestViewController.m */; };
		FA42401216BBEC2A0092671B /* CMOptionViewController.m in Sources */ = {isa = PBXBuildFile; fileRef = FA42401116BBEC2A0092671B /* CMOptionViewController.m */; };
		FA4683C516A8A2AF007A839C /* AddressBook.framework in Frameworks */ = {isa = PBXBuildFile; fileRef = FA4683C416A8A2AF007A839C /* AddressBook.framework */; };
		FA46B8A01668D50100936AE6 /* CMMapViewController.m in Sources */ = {isa = PBXBuildFile; fileRef = FA46B89F1668D50100936AE6 /* CMMapViewController.m */; };
		FA46B8A31668D6C700936AE6 /* MapKit.framework in Frameworks */ = {isa = PBXBuildFile; fileRef = FA46B8A21668D6C700936AE6 /* MapKit.framework */; };
		FA48C96C16A1999E008E4F64 /* Location.gpx in Resources */ = {isa = PBXBuildFile; fileRef = FA48C96B16A1999E008E4F64 /* Location.gpx */; };
		FA49E922166619050048A5C7 /* CMRemindersViewController.m in Sources */ = {isa = PBXBuildFile; fileRef = FA49E921166619050048A5C7 /* CMRemindersViewController.m */; };
		FA4B141816AD79910025986A /* QuartzCore.framework in Frameworks */ = {isa = PBXBuildFile; fileRef = FA4B141716AD79910025986A /* QuartzCore.framework */; };
		FA664A2C16788A72007DC494 /* ALLocationReminderManager.m in Sources */ = {isa = PBXBuildFile; fileRef = FA664A2516788A72007DC494 /* ALLocationReminderManager.m */; };
		FA664A2D16788A72007DC494 /* ALLocationReminderStore.m in Sources */ = {isa = PBXBuildFile; fileRef = FA664A2916788A72007DC494 /* ALLocationReminderStore.m */; };
		FA664A2E16788A72007DC494 /* ALLocationReminder.m in Sources */ = {isa = PBXBuildFile; fileRef = FA664A2B16788A72007DC494 /* ALLocationReminder.m */; };
		FA6E7B4C16B14F09005EF510 /* CMFavouritesViewController.m in Sources */ = {isa = PBXBuildFile; fileRef = FA6E7B4B16B14F09005EF510 /* CMFavouritesViewController.m */; };
		FA6E7B5416B156CA005EF510 /* book.png in Resources */ = {isa = PBXBuildFile; fileRef = FA6E7B4E16B156CA005EF510 /* book.png */; };
		FA6E7B5516B156CA005EF510 /* book@2x.png in Resources */ = {isa = PBXBuildFile; fileRef = FA6E7B4F16B156CA005EF510 /* book@2x.png */; };
		FA6E7B5616B156CA005EF510 /* places.png in Resources */ = {isa = PBXBuildFile; fileRef = FA6E7B5016B156CA005EF510 /* places.png */; };
		FA6E7B5716B156CA005EF510 /* places@2x.png in Resources */ = {isa = PBXBuildFile; fileRef = FA6E7B5116B156CA005EF510 /* places@2x.png */; };
		FA6E7B5816B156CA005EF510 /* star.png in Resources */ = {isa = PBXBuildFile; fileRef = FA6E7B5216B156CA005EF510 /* star.png */; };
		FA6E7B5916B156CA005EF510 /* star@2x.png in Resources */ = {isa = PBXBuildFile; fileRef = FA6E7B5316B156CA005EF510 /* star@2x.png */; };
		FA6E7B5C16B15871005EF510 /* gear.png in Resources */ = {isa = PBXBuildFile; fileRef = FA6E7B5A16B15871005EF510 /* gear.png */; };
		FA6E7B5D16B15871005EF510 /* gear@2x.png in Resources */ = {isa = PBXBuildFile; fileRef = FA6E7B5B16B15871005EF510 /* gear@2x.png */; };
		FA6E7B6016B15910005EF510 /* location-arrow.png in Resources */ = {isa = PBXBuildFile; fileRef = FA6E7B5E16B15910005EF510 /* location-arrow.png */; };
		FA6E7B6116B15910005EF510 /* location-arrow@2x.png in Resources */ = {isa = PBXBuildFile; fileRef = FA6E7B5F16B15910005EF510 /* location-arrow@2x.png */; };
		FA6E7FA316B81F8600BCD68E /* CMFavourites.m in Sources */ = {isa = PBXBuildFile; fileRef = FA6E7FA216B81F8600BCD68E /* CMFavourites.m */; };
		FA7E19381666999D00A3D890 /* CoreLocation.framework in Frameworks */ = {isa = PBXBuildFile; fileRef = FA7E19371666999D00A3D890 /* CoreLocation.framework */; };
		FA9E5BD616A3035C005B130E /* searchbar.png in Resources */ = {isa = PBXBuildFile; fileRef = FA9E5BD416A3035C005B130E /* searchbar.png */; };
		FA9E5BD716A3035C005B130E /* searchbar@2x.png in Resources */ = {isa = PBXBuildFile; fileRef = FA9E5BD516A3035C005B130E /* searchbar@2x.png */; };
		FA9E5BDB16A30557005B130E /* CMPlaceViewController.m in Sources */ = {isa = PBXBuildFile; fileRef = FA9E5BDA16A30557005B130E /* CMPlaceViewController.m */; };
		FAA3CEBE16B68BE300BB38A1 /* CMPlace.m in Sources */ = {isa = PBXBuildFile; fileRef = FAA3CEBD16B68BE300BB38A1 /* CMPlace.m */; };
		FAA9A679166CAFEF009E5D1B /* CMSettingsDetailViewController.m in Sources */ = {isa = PBXBuildFile; fileRef = FAA9A678166CAFEF009E5D1B /* CMSettingsDetailViewController.m */; };
		FAAB414616C524CA000B9A6F /* CMPair.m in Sources */ = {isa = PBXBuildFile; fileRef = FAAB414516C524CA000B9A6F /* CMPair.m */; };
		FAB6D2B316A8994A00E23526 /* CMAddressViewController.m in Sources */ = {isa = PBXBuildFile; fileRef = FAB6D2B216A8994A00E23526 /* CMAddressViewController.m */; };
		FAB761CF167F8746001BD9D7 /* CMAddReminderViewController.m in Sources */ = {isa = PBXBuildFile; fileRef = FAB761CE167F8746001BD9D7 /* CMAddReminderViewController.m */; };
		FAB761D3167F929B001BD9D7 /* CMPlacesViewController.m in Sources */ = {isa = PBXBuildFile; fileRef = FAB761D2167F929B001BD9D7 /* CMPlacesViewController.m */; };
		FAB95B7F1663AE8D00A09853 /* UIKit.framework in Frameworks */ = {isa = PBXBuildFile; fileRef = FAB95B7E1663AE8D00A09853 /* UIKit.framework */; };
		FAB95B811663AE8D00A09853 /* Foundation.framework in Frameworks */ = {isa = PBXBuildFile; fileRef = FAB95B801663AE8D00A09853 /* Foundation.framework */; };
		FAB95B831663AE8D00A09853 /* CoreGraphics.framework in Frameworks */ = {isa = PBXBuildFile; fileRef = FAB95B821663AE8D00A09853 /* CoreGraphics.framework */; };
		FAB95B891663AE8D00A09853 /* InfoPlist.strings in Resources */ = {isa = PBXBuildFile; fileRef = FAB95B871663AE8D00A09853 /* InfoPlist.strings */; };
		FAB95B8B1663AE8D00A09853 /* main.m in Sources */ = {isa = PBXBuildFile; fileRef = FAB95B8A1663AE8D00A09853 /* main.m */; };
		FAB95B8F1663AE8D00A09853 /* CMAppDelegate.m in Sources */ = {isa = PBXBuildFile; fileRef = FAB95B8E1663AE8D00A09853 /* CMAppDelegate.m */; };
		FAB95B911663AE8D00A09853 /* Default.png in Resources */ = {isa = PBXBuildFile; fileRef = FAB95B901663AE8D00A09853 /* Default.png */; };
		FAB95B931663AE8D00A09853 /* Default@2x.png in Resources */ = {isa = PBXBuildFile; fileRef = FAB95B921663AE8D00A09853 /* Default@2x.png */; };
		FAB95B951663AE8D00A09853 /* Default-568h@2x.png in Resources */ = {isa = PBXBuildFile; fileRef = FAB95B941663AE8D00A09853 /* Default-568h@2x.png */; };
		FAB95B981663AE8D00A09853 /* MainStoryboard_iPhone.storyboard in Resources */ = {isa = PBXBuildFile; fileRef = FAB95B961663AE8D00A09853 /* MainStoryboard_iPhone.storyboard */; };
		FAB95B9B1663AE8D00A09853 /* CMViewController.m in Sources */ = {isa = PBXBuildFile; fileRef = FAB95B9A1663AE8D00A09853 /* CMViewController.m */; };
		FAB95BA31663B2C000A09853 /* CMSettingsViewController.m in Sources */ = {isa = PBXBuildFile; fileRef = FAB95BA21663B2C000A09853 /* CMSettingsViewController.m */; };
		FACC102516C58D5000EADB3F /* icon@2x.png in Resources */ = {isa = PBXBuildFile; fileRef = FACC102416C58D5000EADB3F /* icon@2x.png */; };
		FACC102816C58D5700EADB3F /* icon.png in Resources */ = {isa = PBXBuildFile; fileRef = FACC102716C58D5700EADB3F /* icon.png */; };
		FAD322BF1681EBD400FC824C /* CMReminderAnnotation.m in Sources */ = {isa = PBXBuildFile; fileRef = FAD322BE1681EBD400FC824C /* CMReminderAnnotation.m */; };
		FAD330661666DB3D00CF8DC9 /* CMReminderViewController.m in Sources */ = {isa = PBXBuildFile; fileRef = FAD330651666DB3D00CF8DC9 /* CMReminderViewController.m */; };
		FAD4E7BF16B2FFF700ECDC4C /* CMGooglePlace.m in Sources */ = {isa = PBXBuildFile; fileRef = FAD4E7BE16B2FFF700ECDC4C /* CMGooglePlace.m */; };
		FADAB26116BD24D800BDC468 /* CMDatePickerCell.m in Sources */ = {isa = PBXBuildFile; fileRef = FADAB26016BD24D800BDC468 /* CMDatePickerCell.m */; };
		FAF345A316C057F1003636CC /* navbar-test.png in Resources */ = {isa = PBXBuildFile; fileRef = FAF345A116C057F1003636CC /* navbar-test.png */; };
		FAF345A416C057F1003636CC /* navbar-test@2x.png in Resources */ = {isa = PBXBuildFile; fileRef = FAF345A216C057F1003636CC /* navbar-test@2x.png */; };
		FAF345A716C05A6A003636CC /* class-mate.png in Resources */ = {isa = PBXBuildFile; fileRef = FAF345A516C05A6A003636CC /* class-mate.png */; };
		FAF345A816C05A6A003636CC /* class-mate@2x.png in Resources */ = {isa = PBXBuildFile; fileRef = FAF345A616C05A6A003636CC /* class-mate@2x.png */; };
		FAFD94FD16BFDA2300A5BFA1 /* CMHUDViewController.m in Sources */ = {isa = PBXBuildFile; fileRef = FAFD94FC16BFDA2200A5BFA1 /* CMHUDViewController.m */; };
/* End PBXBuildFile section */

/* Begin PBXFileReference section */
		66AD20DB0DF1487D8D047199 /* Pods.xcconfig */ = {isa = PBXFileReference; includeInIndex = 1; lastKnownFileType = text.xcconfig; name = Pods.xcconfig; path = Pods/Pods.xcconfig; sourceTree = SOURCE_ROOT; };
		F5A7442452904C11BD74FEF6 /* libPods.a */ = {isa = PBXFileReference; explicitFileType = archive.ar; includeInIndex = 0; path = libPods.a; sourceTree = BUILT_PRODUCTS_DIR; };
		FA02147716A19D2F002245C2 /* backbuttonblue.png */ = {isa = PBXFileReference; lastKnownFileType = image.png; path = backbuttonblue.png; sourceTree = "<group>"; };
		FA02147816A19D2F002245C2 /* backbuttonblue@2x.png */ = {isa = PBXFileReference; lastKnownFileType = image.png; path = "backbuttonblue@2x.png"; sourceTree = "<group>"; };
		FA02147C16A19D3B002245C2 /* barbuttonblue.png */ = {isa = PBXFileReference; lastKnownFileType = image.png; path = barbuttonblue.png; sourceTree = "<group>"; };
		FA02147D16A19D3B002245C2 /* barbuttonblue@2x.png */ = {isa = PBXFileReference; lastKnownFileType = image.png; path = "barbuttonblue@2x.png"; sourceTree = "<group>"; };
		FA04460E1680832700C47BA8 /* navbar.png */ = {isa = PBXFileReference; lastKnownFileType = image.png; path = navbar.png; sourceTree = "<group>"; };
		FA04460F1680832700C47BA8 /* navbar@2x.png */ = {isa = PBXFileReference; lastKnownFileType = image.png; path = "navbar@2x.png"; sourceTree = "<group>"; };
		FA0446121680862100C47BA8 /* backbutton.png */ = {isa = PBXFileReference; lastKnownFileType = image.png; path = backbutton.png; sourceTree = "<group>"; };
		FA0446131680862100C47BA8 /* backbutton@2x.png */ = {isa = PBXFileReference; lastKnownFileType = image.png; path = "backbutton@2x.png"; sourceTree = "<group>"; };
		FA0446141680862100C47BA8 /* barbutton.png */ = {isa = PBXFileReference; lastKnownFileType = image.png; path = barbutton.png; sourceTree = "<group>"; };
		FA0446151680862100C47BA8 /* barbutton@2x.png */ = {isa = PBXFileReference; lastKnownFileType = image.png; path = "barbutton@2x.png"; sourceTree = "<group>"; };
		FA0446161680862100C47BA8 /* toolbar.png */ = {isa = PBXFileReference; lastKnownFileType = image.png; path = toolbar.png; sourceTree = "<group>"; };
		FA0446171680862100C47BA8 /* toolbar@2x.png */ = {isa = PBXFileReference; lastKnownFileType = image.png; path = "toolbar@2x.png"; sourceTree = "<group>"; };
		FA04462216808E9E00C47BA8 /* pattern.png */ = {isa = PBXFileReference; lastKnownFileType = image.png; path = pattern.png; sourceTree = "<group>"; };
		FA04462316808E9E00C47BA8 /* pattern@2x.png */ = {isa = PBXFileReference; lastKnownFileType = image.png; path = "pattern@2x.png"; sourceTree = "<group>"; };
		FA0454AA16AEDD89002EB841 /* CMAddress.h */ = {isa = PBXFileReference; fileEncoding = 4; lastKnownFileType = sourcecode.c.h; path = CMAddress.h; sourceTree = "<group>"; };
		FA0454AB16AEDD89002EB841 /* CMAddress.m */ = {isa = PBXFileReference; fileEncoding = 4; lastKnownFileType = sourcecode.c.objc; path = CMAddress.m; sourceTree = "<group>"; };
		FA0454BA16AF0C0D002EB841 /* SSTextView.h */ = {isa = PBXFileReference; fileEncoding = 4; lastKnownFileType = sourcecode.c.h; path = SSTextView.h; sourceTree = "<group>"; };
		FA0454BB16AF0C0D002EB841 /* SSTextView.m */ = {isa = PBXFileReference; fileEncoding = 4; lastKnownFileType = sourcecode.c.objc; path = SSTextView.m; sourceTree = "<group>"; };
		FA13298516B4015D00FA5B27 /* SenTestingKit.framework */ = {isa = PBXFileReference; lastKnownFileType = wrapper.framework; name = SenTestingKit.framework; path = Library/Frameworks/SenTestingKit.framework; sourceTree = DEVELOPER_DIR; };
		FA1329F416B402DA00FA5B27 /* en */ = {isa = PBXFileReference; lastKnownFileType = file.storyboard; name = en; path = en.lproj/MainStoryboard_iPad.storyboard; sourceTree = "<group>"; };
		FA42400A16BBDAA50092671B /* CMAddTestViewController.h */ = {isa = PBXFileReference; fileEncoding = 4; lastKnownFileType = sourcecode.c.h; path = CMAddTestViewController.h; sourceTree = "<group>"; };
		FA42400B16BBDAA50092671B /* CMAddTestViewController.m */ = {isa = PBXFileReference; fileEncoding = 4; lastKnownFileType = sourcecode.c.objc; path = CMAddTestViewController.m; sourceTree = "<group>"; };
		FA42401016BBEC2A0092671B /* CMOptionViewController.h */ = {isa = PBXFileReference; fileEncoding = 4; lastKnownFileType = sourcecode.c.h; path = CMOptionViewController.h; sourceTree = "<group>"; };
		FA42401116BBEC2A0092671B /* CMOptionViewController.m */ = {isa = PBXFileReference; fileEncoding = 4; lastKnownFileType = sourcecode.c.objc; path = CMOptionViewController.m; sourceTree = "<group>"; };
		FA4683C416A8A2AF007A839C /* AddressBook.framework */ = {isa = PBXFileReference; lastKnownFileType = wrapper.framework; name = AddressBook.framework; path = System/Library/Frameworks/AddressBook.framework; sourceTree = SDKROOT; };
		FA46B89E1668D50000936AE6 /* CMMapViewController.h */ = {isa = PBXFileReference; fileEncoding = 4; lastKnownFileType = sourcecode.c.h; path = CMMapViewController.h; sourceTree = "<group>"; };
		FA46B89F1668D50100936AE6 /* CMMapViewController.m */ = {isa = PBXFileReference; fileEncoding = 4; lastKnownFileType = sourcecode.c.objc; path = CMMapViewController.m; sourceTree = "<group>"; };
		FA46B8A21668D6C700936AE6 /* MapKit.framework */ = {isa = PBXFileReference; lastKnownFileType = wrapper.framework; name = MapKit.framework; path = System/Library/Frameworks/MapKit.framework; sourceTree = SDKROOT; };
		FA48C96B16A1999E008E4F64 /* Location.gpx */ = {isa = PBXFileReference; fileEncoding = 4; lastKnownFileType = text.xml; path = Location.gpx; sourceTree = "<group>"; };
		FA49E920166619050048A5C7 /* CMRemindersViewController.h */ = {isa = PBXFileReference; fileEncoding = 4; lastKnownFileType = sourcecode.c.h; path = CMRemindersViewController.h; sourceTree = "<group>"; };
		FA49E921166619050048A5C7 /* CMRemindersViewController.m */ = {isa = PBXFileReference; fileEncoding = 4; lastKnownFileType = sourcecode.c.objc; path = CMRemindersViewController.m; sourceTree = "<group>"; };
		FA4B141716AD79910025986A /* QuartzCore.framework */ = {isa = PBXFileReference; lastKnownFileType = wrapper.framework; name = QuartzCore.framework; path = System/Library/Frameworks/QuartzCore.framework; sourceTree = SDKROOT; };
		FA664A2516788A72007DC494 /* ALLocationReminderManager.m */ = {isa = PBXFileReference; fileEncoding = 4; lastKnownFileType = sourcecode.c.objc; name = ALLocationReminderManager.m; path = ../../ALLocationReminders/ALLocationReminders/ALLocationReminderManager.m; sourceTree = "<group>"; };
		FA664A2616788A72007DC494 /* ALLocationReminderManager.h */ = {isa = PBXFileReference; fileEncoding = 4; lastKnownFileType = sourcecode.c.h; name = ALLocationReminderManager.h; path = ../../ALLocationReminders/ALLocationReminders/ALLocationReminderManager.h; sourceTree = "<group>"; };
		FA664A2716788A72007DC494 /* ALLocationReminders.h */ = {isa = PBXFileReference; fileEncoding = 4; lastKnownFileType = sourcecode.c.h; name = ALLocationReminders.h; path = ../../ALLocationReminders/ALLocationReminders/ALLocationReminders.h; sourceTree = "<group>"; };
		FA664A2816788A72007DC494 /* ALLocationReminderStore.h */ = {isa = PBXFileReference; fileEncoding = 4; lastKnownFileType = sourcecode.c.h; name = ALLocationReminderStore.h; path = ../../ALLocationReminders/ALLocationReminders/ALLocationReminderStore.h; sourceTree = "<group>"; };
		FA664A2916788A72007DC494 /* ALLocationReminderStore.m */ = {isa = PBXFileReference; fileEncoding = 4; lastKnownFileType = sourcecode.c.objc; name = ALLocationReminderStore.m; path = ../../ALLocationReminders/ALLocationReminders/ALLocationReminderStore.m; sourceTree = "<group>"; };
		FA664A2A16788A72007DC494 /* ALLocationReminder.h */ = {isa = PBXFileReference; fileEncoding = 4; lastKnownFileType = sourcecode.c.h; name = ALLocationReminder.h; path = ../../ALLocationReminders/ALLocationReminders/ALLocationReminder.h; sourceTree = "<group>"; };
		FA664A2B16788A72007DC494 /* ALLocationReminder.m */ = {isa = PBXFileReference; fileEncoding = 4; lastKnownFileType = sourcecode.c.objc; name = ALLocationReminder.m; path = ../../ALLocationReminders/ALLocationReminders/ALLocationReminder.m; sourceTree = "<group>"; };
		FA6E7B4A16B14F09005EF510 /* CMFavouritesViewController.h */ = {isa = PBXFileReference; fileEncoding = 4; lastKnownFileType = sourcecode.c.h; path = CMFavouritesViewController.h; sourceTree = "<group>"; };
		FA6E7B4B16B14F09005EF510 /* CMFavouritesViewController.m */ = {isa = PBXFileReference; fileEncoding = 4; lastKnownFileType = sourcecode.c.objc; path = CMFavouritesViewController.m; sourceTree = "<group>"; };
		FA6E7B4E16B156CA005EF510 /* book.png */ = {isa = PBXFileReference; lastKnownFileType = image.png; path = book.png; sourceTree = "<group>"; };
		FA6E7B4F16B156CA005EF510 /* book@2x.png */ = {isa = PBXFileReference; lastKnownFileType = image.png; path = "book@2x.png"; sourceTree = "<group>"; };
		FA6E7B5016B156CA005EF510 /* places.png */ = {isa = PBXFileReference; lastKnownFileType = image.png; path = places.png; sourceTree = "<group>"; };
		FA6E7B5116B156CA005EF510 /* places@2x.png */ = {isa = PBXFileReference; lastKnownFileType = image.png; path = "places@2x.png"; sourceTree = "<group>"; };
		FA6E7B5216B156CA005EF510 /* star.png */ = {isa = PBXFileReference; lastKnownFileType = image.png; path = star.png; sourceTree = "<group>"; };
		FA6E7B5316B156CA005EF510 /* star@2x.png */ = {isa = PBXFileReference; lastKnownFileType = image.png; path = "star@2x.png"; sourceTree = "<group>"; };
		FA6E7B5A16B15871005EF510 /* gear.png */ = {isa = PBXFileReference; lastKnownFileType = image.png; path = gear.png; sourceTree = "<group>"; };
		FA6E7B5B16B15871005EF510 /* gear@2x.png */ = {isa = PBXFileReference; lastKnownFileType = image.png; path = "gear@2x.png"; sourceTree = "<group>"; };
		FA6E7B5E16B15910005EF510 /* location-arrow.png */ = {isa = PBXFileReference; lastKnownFileType = image.png; path = "location-arrow.png"; sourceTree = "<group>"; };
		FA6E7B5F16B15910005EF510 /* location-arrow@2x.png */ = {isa = PBXFileReference; lastKnownFileType = image.png; path = "location-arrow@2x.png"; sourceTree = "<group>"; };
		FA6E7FA116B81F8600BCD68E /* CMFavourites.h */ = {isa = PBXFileReference; fileEncoding = 4; lastKnownFileType = sourcecode.c.h; path = CMFavourites.h; sourceTree = "<group>"; };
		FA6E7FA216B81F8600BCD68E /* CMFavourites.m */ = {isa = PBXFileReference; fileEncoding = 4; lastKnownFileType = sourcecode.c.objc; path = CMFavourites.m; sourceTree = "<group>"; };
		FA7E19371666999D00A3D890 /* CoreLocation.framework */ = {isa = PBXFileReference; lastKnownFileType = wrapper.framework; name = CoreLocation.framework; path = System/Library/Frameworks/CoreLocation.framework; sourceTree = SDKROOT; };
		FA9E5BD416A3035C005B130E /* searchbar.png */ = {isa = PBXFileReference; lastKnownFileType = image.png; path = searchbar.png; sourceTree = "<group>"; };
		FA9E5BD516A3035C005B130E /* searchbar@2x.png */ = {isa = PBXFileReference; lastKnownFileType = image.png; path = "searchbar@2x.png"; sourceTree = "<group>"; };
		FA9E5BD916A30557005B130E /* CMPlaceViewController.h */ = {isa = PBXFileReference; fileEncoding = 4; lastKnownFileType = sourcecode.c.h; path = CMPlaceViewController.h; sourceTree = "<group>"; };
		FA9E5BDA16A30557005B130E /* CMPlaceViewController.m */ = {isa = PBXFileReference; fileEncoding = 4; lastKnownFileType = sourcecode.c.objc; path = CMPlaceViewController.m; sourceTree = "<group>"; };
		FAA3CEBC16B68BE300BB38A1 /* CMPlace.h */ = {isa = PBXFileReference; fileEncoding = 4; lastKnownFileType = sourcecode.c.h; path = CMPlace.h; sourceTree = "<group>"; };
		FAA3CEBD16B68BE300BB38A1 /* CMPlace.m */ = {isa = PBXFileReference; fileEncoding = 4; lastKnownFileType = sourcecode.c.objc; path = CMPlace.m; sourceTree = "<group>"; };
		FAA9A677166CAFEF009E5D1B /* CMSettingsDetailViewController.h */ = {isa = PBXFileReference; fileEncoding = 4; lastKnownFileType = sourcecode.c.h; path = CMSettingsDetailViewController.h; sourceTree = "<group>"; };
		FAA9A678166CAFEF009E5D1B /* CMSettingsDetailViewController.m */ = {isa = PBXFileReference; fileEncoding = 4; lastKnownFileType = sourcecode.c.objc; path = CMSettingsDetailViewController.m; sourceTree = "<group>"; };
		FAAB414416C524CA000B9A6F /* CMPair.h */ = {isa = PBXFileReference; fileEncoding = 4; lastKnownFileType = sourcecode.c.h; path = CMPair.h; sourceTree = "<group>"; };
		FAAB414516C524CA000B9A6F /* CMPair.m */ = {isa = PBXFileReference; fileEncoding = 4; lastKnownFileType = sourcecode.c.objc; path = CMPair.m; sourceTree = "<group>"; };
		FAB6D2AB16A897A000E23526 /* AddressBookUI.framework */ = {isa = PBXFileReference; lastKnownFileType = wrapper.framework; name = AddressBookUI.framework; path = System/Library/Frameworks/AddressBookUI.framework; sourceTree = SDKROOT; };
		FAB6D2B116A8994A00E23526 /* CMAddressViewController.h */ = {isa = PBXFileReference; fileEncoding = 4; lastKnownFileType = sourcecode.c.h; path = CMAddressViewController.h; sourceTree = "<group>"; };
		FAB6D2B216A8994A00E23526 /* CMAddressViewController.m */ = {isa = PBXFileReference; fileEncoding = 4; lastKnownFileType = sourcecode.c.objc; path = CMAddressViewController.m; sourceTree = "<group>"; };
		FAB761CD167F8746001BD9D7 /* CMAddReminderViewController.h */ = {isa = PBXFileReference; fileEncoding = 4; lastKnownFileType = sourcecode.c.h; path = CMAddReminderViewController.h; sourceTree = "<group>"; };
		FAB761CE167F8746001BD9D7 /* CMAddReminderViewController.m */ = {isa = PBXFileReference; fileEncoding = 4; lastKnownFileType = sourcecode.c.objc; path = CMAddReminderViewController.m; sourceTree = "<group>"; };
		FAB761D1167F929B001BD9D7 /* CMPlacesViewController.h */ = {isa = PBXFileReference; fileEncoding = 4; lastKnownFileType = sourcecode.c.h; path = CMPlacesViewController.h; sourceTree = "<group>"; };
		FAB761D2167F929B001BD9D7 /* CMPlacesViewController.m */ = {isa = PBXFileReference; fileEncoding = 4; lastKnownFileType = sourcecode.c.objc; path = CMPlacesViewController.m; sourceTree = "<group>"; };
		FAB95B7A1663AE8D00A09853 /* Class Mate.app */ = {isa = PBXFileReference; explicitFileType = wrapper.application; includeInIndex = 0; path = "Class Mate.app"; sourceTree = BUILT_PRODUCTS_DIR; };
		FAB95B7E1663AE8D00A09853 /* UIKit.framework */ = {isa = PBXFileReference; lastKnownFileType = wrapper.framework; name = UIKit.framework; path = System/Library/Frameworks/UIKit.framework; sourceTree = SDKROOT; };
		FAB95B801663AE8D00A09853 /* Foundation.framework */ = {isa = PBXFileReference; lastKnownFileType = wrapper.framework; name = Foundation.framework; path = System/Library/Frameworks/Foundation.framework; sourceTree = SDKROOT; };
		FAB95B821663AE8D00A09853 /* CoreGraphics.framework */ = {isa = PBXFileReference; lastKnownFileType = wrapper.framework; name = CoreGraphics.framework; path = System/Library/Frameworks/CoreGraphics.framework; sourceTree = SDKROOT; };
		FAB95B861663AE8D00A09853 /* Class Mate-Info.plist */ = {isa = PBXFileReference; lastKnownFileType = text.plist.xml; path = "Class Mate-Info.plist"; sourceTree = "<group>"; };
		FAB95B881663AE8D00A09853 /* en */ = {isa = PBXFileReference; lastKnownFileType = text.plist.strings; name = en; path = en.lproj/InfoPlist.strings; sourceTree = "<group>"; };
		FAB95B8A1663AE8D00A09853 /* main.m */ = {isa = PBXFileReference; lastKnownFileType = sourcecode.c.objc; path = main.m; sourceTree = "<group>"; };
		FAB95B8C1663AE8D00A09853 /* Class Mate-Prefix.pch */ = {isa = PBXFileReference; lastKnownFileType = sourcecode.c.h; path = "Class Mate-Prefix.pch"; sourceTree = "<group>"; };
		FAB95B8D1663AE8D00A09853 /* CMAppDelegate.h */ = {isa = PBXFileReference; lastKnownFileType = sourcecode.c.h; path = CMAppDelegate.h; sourceTree = "<group>"; };
		FAB95B8E1663AE8D00A09853 /* CMAppDelegate.m */ = {isa = PBXFileReference; lastKnownFileType = sourcecode.c.objc; path = CMAppDelegate.m; sourceTree = "<group>"; };
		FAB95B901663AE8D00A09853 /* Default.png */ = {isa = PBXFileReference; lastKnownFileType = image.png; path = Default.png; sourceTree = "<group>"; };
		FAB95B921663AE8D00A09853 /* Default@2x.png */ = {isa = PBXFileReference; lastKnownFileType = image.png; path = "Default@2x.png"; sourceTree = "<group>"; };
		FAB95B941663AE8D00A09853 /* Default-568h@2x.png */ = {isa = PBXFileReference; lastKnownFileType = image.png; path = "Default-568h@2x.png"; sourceTree = "<group>"; };
		FAB95B971663AE8D00A09853 /* en */ = {isa = PBXFileReference; lastKnownFileType = file.storyboard; name = en; path = en.lproj/MainStoryboard_iPhone.storyboard; sourceTree = "<group>"; };
		FAB95B991663AE8D00A09853 /* CMViewController.h */ = {isa = PBXFileReference; lastKnownFileType = sourcecode.c.h; path = CMViewController.h; sourceTree = "<group>"; };
		FAB95B9A1663AE8D00A09853 /* CMViewController.m */ = {isa = PBXFileReference; lastKnownFileType = sourcecode.c.objc; path = CMViewController.m; sourceTree = "<group>"; };
		FAB95BA11663B2C000A09853 /* CMSettingsViewController.h */ = {isa = PBXFileReference; fileEncoding = 4; lastKnownFileType = sourcecode.c.h; path = CMSettingsViewController.h; sourceTree = "<group>"; };
		FAB95BA21663B2C000A09853 /* CMSettingsViewController.m */ = {isa = PBXFileReference; fileEncoding = 4; lastKnownFileType = sourcecode.c.objc; path = CMSettingsViewController.m; sourceTree = "<group>"; };
		FACC102416C58D5000EADB3F /* icon@2x.png */ = {isa = PBXFileReference; lastKnownFileType = image.png; path = "icon@2x.png"; sourceTree = "<group>"; };
		FACC102716C58D5700EADB3F /* icon.png */ = {isa = PBXFileReference; lastKnownFileType = image.png; path = icon.png; sourceTree = "<group>"; };
		FAD322BD1681EBD400FC824C /* CMReminderAnnotation.h */ = {isa = PBXFileReference; fileEncoding = 4; lastKnownFileType = sourcecode.c.h; path = CMReminderAnnotation.h; sourceTree = "<group>"; };
		FAD322BE1681EBD400FC824C /* CMReminderAnnotation.m */ = {isa = PBXFileReference; fileEncoding = 4; lastKnownFileType = sourcecode.c.objc; path = CMReminderAnnotation.m; sourceTree = "<group>"; };
		FAD330641666DB3D00CF8DC9 /* CMReminderViewController.h */ = {isa = PBXFileReference; fileEncoding = 4; lastKnownFileType = sourcecode.c.h; path = CMReminderViewController.h; sourceTree = "<group>"; };
		FAD330651666DB3D00CF8DC9 /* CMReminderViewController.m */ = {isa = PBXFileReference; fileEncoding = 4; lastKnownFileType = sourcecode.c.objc; path = CMReminderViewController.m; sourceTree = "<group>"; };
		FAD4E7BD16B2FFF700ECDC4C /* CMGooglePlace.h */ = {isa = PBXFileReference; fileEncoding = 4; lastKnownFileType = sourcecode.c.h; path = CMGooglePlace.h; sourceTree = "<group>"; };
		FAD4E7BE16B2FFF700ECDC4C /* CMGooglePlace.m */ = {isa = PBXFileReference; fileEncoding = 4; lastKnownFileType = sourcecode.c.objc; path = CMGooglePlace.m; sourceTree = "<group>"; };
		FADAB25F16BD24D800BDC468 /* CMDatePickerCell.h */ = {isa = PBXFileReference; fileEncoding = 4; lastKnownFileType = sourcecode.c.h; path = CMDatePickerCell.h; sourceTree = "<group>"; };
		FADAB26016BD24D800BDC468 /* CMDatePickerCell.m */ = {isa = PBXFileReference; fileEncoding = 4; lastKnownFileType = sourcecode.c.objc; path = CMDatePickerCell.m; sourceTree = "<group>"; };
		FAF345A116C057F1003636CC /* navbar-test.png */ = {isa = PBXFileReference; lastKnownFileType = image.png; path = "navbar-test.png"; sourceTree = "<group>"; };
		FAF345A216C057F1003636CC /* navbar-test@2x.png */ = {isa = PBXFileReference; lastKnownFileType = image.png; path = "navbar-test@2x.png"; sourceTree = "<group>"; };
		FAF345A516C05A6A003636CC /* class-mate.png */ = {isa = PBXFileReference; lastKnownFileType = image.png; path = "class-mate.png"; sourceTree = "<group>"; };
		FAF345A616C05A6A003636CC /* class-mate@2x.png */ = {isa = PBXFileReference; lastKnownFileType = image.png; path = "class-mate@2x.png"; sourceTree = "<group>"; };
		FAFD94FB16BFDA2200A5BFA1 /* CMHUDViewController.h */ = {isa = PBXFileReference; fileEncoding = 4; lastKnownFileType = sourcecode.c.h; path = CMHUDViewController.h; sourceTree = "<group>"; };
		FAFD94FC16BFDA2200A5BFA1 /* CMHUDViewController.m */ = {isa = PBXFileReference; fileEncoding = 4; lastKnownFileType = sourcecode.c.objc; path = CMHUDViewController.m; sourceTree = "<group>"; };
/* End PBXFileReference section */

/* Begin PBXFrameworksBuildPhase section */
		FAB95B771663AE8D00A09853 /* Frameworks */ = {
			isa = PBXFrameworksBuildPhase;
			buildActionMask = 2147483647;
			files = (
				FA4B141816AD79910025986A /* QuartzCore.framework in Frameworks */,
				FA4683C516A8A2AF007A839C /* AddressBook.framework in Frameworks */,
				FA46B8A31668D6C700936AE6 /* MapKit.framework in Frameworks */,
				FA7E19381666999D00A3D890 /* CoreLocation.framework in Frameworks */,
				FAB95B7F1663AE8D00A09853 /* UIKit.framework in Frameworks */,
				FAB95B811663AE8D00A09853 /* Foundation.framework in Frameworks */,
				FAB95B831663AE8D00A09853 /* CoreGraphics.framework in Frameworks */,
				D506261E85744CBEB1BB685A /* libPods.a in Frameworks */,
			);
			runOnlyForDeploymentPostprocessing = 0;
		};
/* End PBXFrameworksBuildPhase section */

/* Begin PBXGroup section */
		FA04460D1680832700C47BA8 /* Images */ = {
			isa = PBXGroup;
			children = (
				FAF345A516C05A6A003636CC /* class-mate.png */,
				FAF345A616C05A6A003636CC /* class-mate@2x.png */,
				FAF345A116C057F1003636CC /* navbar-test.png */,
				FAF345A216C057F1003636CC /* navbar-test@2x.png */,
				FA6E7B5E16B15910005EF510 /* location-arrow.png */,
				FA6E7B5F16B15910005EF510 /* location-arrow@2x.png */,
				FA6E7B5A16B15871005EF510 /* gear.png */,
				FA6E7B5B16B15871005EF510 /* gear@2x.png */,
				FA6E7B4E16B156CA005EF510 /* book.png */,
				FA6E7B4F16B156CA005EF510 /* book@2x.png */,
				FA6E7B5016B156CA005EF510 /* places.png */,
				FA6E7B5116B156CA005EF510 /* places@2x.png */,
				FA6E7B5216B156CA005EF510 /* star.png */,
				FA6E7B5316B156CA005EF510 /* star@2x.png */,
				FA9E5BD416A3035C005B130E /* searchbar.png */,
				FA9E5BD516A3035C005B130E /* searchbar@2x.png */,
				FA02147C16A19D3B002245C2 /* barbuttonblue.png */,
				FA02147D16A19D3B002245C2 /* barbuttonblue@2x.png */,
				FA02147716A19D2F002245C2 /* backbuttonblue.png */,
				FA02147816A19D2F002245C2 /* backbuttonblue@2x.png */,
				FA04462216808E9E00C47BA8 /* pattern.png */,
				FA04462316808E9E00C47BA8 /* pattern@2x.png */,
				FA0446121680862100C47BA8 /* backbutton.png */,
				FA0446131680862100C47BA8 /* backbutton@2x.png */,
				FA0446141680862100C47BA8 /* barbutton.png */,
				FA0446151680862100C47BA8 /* barbutton@2x.png */,
				FA0446161680862100C47BA8 /* toolbar.png */,
				FA0446171680862100C47BA8 /* toolbar@2x.png */,
				FA04460E1680832700C47BA8 /* navbar.png */,
				FA04460F1680832700C47BA8 /* navbar@2x.png */,
			);
			path = Images;
			sourceTree = "<group>";
		};
		FA0454AE16AF04E1002EB841 /* View Controllers */ = {
			isa = PBXGroup;
			children = (
				FA0454B916AF09E0002EB841 /* Add Reminders */,
				FA0454B516AF05EC002EB841 /* Settings */,
				FAB95B991663AE8D00A09853 /* CMViewController.h */,
				FAB95B9A1663AE8D00A09853 /* CMViewController.m */,
				FA49E920166619050048A5C7 /* CMRemindersViewController.h */,
				FA49E921166619050048A5C7 /* CMRemindersViewController.m */,
				FAD330641666DB3D00CF8DC9 /* CMReminderViewController.h */,
				FAD330651666DB3D00CF8DC9 /* CMReminderViewController.m */,
				FA46B89E1668D50000936AE6 /* CMMapViewController.h */,
				FA46B89F1668D50100936AE6 /* CMMapViewController.m */,
				FAFD94FB16BFDA2200A5BFA1 /* CMHUDViewController.h */,
				FAFD94FC16BFDA2200A5BFA1 /* CMHUDViewController.m */,
			);
			name = "View Controllers";
			sourceTree = "<group>";
		};
		FA0454B516AF05EC002EB841 /* Settings */ = {
			isa = PBXGroup;
			children = (
				FAB95BA11663B2C000A09853 /* CMSettingsViewController.h */,
				FAB95BA21663B2C000A09853 /* CMSettingsViewController.m */,
				FAA9A677166CAFEF009E5D1B /* CMSettingsDetailViewController.h */,
				FAA9A678166CAFEF009E5D1B /* CMSettingsDetailViewController.m */,
			);
			name = Settings;
			sourceTree = "<group>";
		};
		FA0454B616AF0609002EB841 /* Application */ = {
			isa = PBXGroup;
			children = (
				FAB95B8D1663AE8D00A09853 /* CMAppDelegate.h */,
				FAB95B8E1663AE8D00A09853 /* CMAppDelegate.m */,
				FAB95B961663AE8D00A09853 /* MainStoryboard_iPhone.storyboard */,
				FA1329F316B402DA00FA5B27 /* MainStoryboard_iPad.storyboard */,
			);
			name = Application;
			sourceTree = "<group>";
		};
		FA0454B716AF062F002EB841 /* Views */ = {
			isa = PBXGroup;
			children = (
			);
			name = Views;
			sourceTree = "<group>";
		};
		FA0454B816AF06DB002EB841 /* Misc */ = {
			isa = PBXGroup;
			children = (
				FAD322BD1681EBD400FC824C /* CMReminderAnnotation.h */,
				FAD322BE1681EBD400FC824C /* CMReminderAnnotation.m */,
				FAA3CEBC16B68BE300BB38A1 /* CMPlace.h */,
				FAA3CEBD16B68BE300BB38A1 /* CMPlace.m */,
				FA0454AA16AEDD89002EB841 /* CMAddress.h */,
				FA0454AB16AEDD89002EB841 /* CMAddress.m */,
				FAD4E7BD16B2FFF700ECDC4C /* CMGooglePlace.h */,
				FAD4E7BE16B2FFF700ECDC4C /* CMGooglePlace.m */,
				FADAB25F16BD24D800BDC468 /* CMDatePickerCell.h */,
				FADAB26016BD24D800BDC468 /* CMDatePickerCell.m */,
				FAAB414416C524CA000B9A6F /* CMPair.h */,
				FAAB414516C524CA000B9A6F /* CMPair.m */,
			);
			name = Misc;
			sourceTree = "<group>";
		};
		FA0454B916AF09E0002EB841 /* Add Reminders */ = {
			isa = PBXGroup;
			children = (
				FAB6D2B116A8994A00E23526 /* CMAddressViewController.h */,
				FAB6D2B216A8994A00E23526 /* CMAddressViewController.m */,
				FAB761D1167F929B001BD9D7 /* CMPlacesViewController.h */,
				FAB761D2167F929B001BD9D7 /* CMPlacesViewController.m */,
				FA6E7B4A16B14F09005EF510 /* CMFavouritesViewController.h */,
				FA6E7B4B16B14F09005EF510 /* CMFavouritesViewController.m */,
				FA9E5BD916A30557005B130E /* CMPlaceViewController.h */,
				FA9E5BDA16A30557005B130E /* CMPlaceViewController.m */,
				FAB761CD167F8746001BD9D7 /* CMAddReminderViewController.h */,
				FAB761CE167F8746001BD9D7 /* CMAddReminderViewController.m */,
				FA42400A16BBDAA50092671B /* CMAddTestViewController.h */,
				FA42400B16BBDAA50092671B /* CMAddTestViewController.m */,
				FA42401016BBEC2A0092671B /* CMOptionViewController.h */,
				FA42401116BBEC2A0092671B /* CMOptionViewController.m */,
			);
			name = "Add Reminders";
			sourceTree = "<group>";
		};
		FA6E7F9F16B81F6900BCD68E /* Models */ = {
			isa = PBXGroup;
			children = (
				FA6E7FA116B81F8600BCD68E /* CMFavourites.h */,
				FA6E7FA216B81F8600BCD68E /* CMFavourites.m */,
			);
			name = Models;
			sourceTree = "<group>";
		};
		FA7E1936166696A700A3D890 /* ALLocationReminders */ = {
			isa = PBXGroup;
			children = (
				FA664A2516788A72007DC494 /* ALLocationReminderManager.m */,
				FA664A2616788A72007DC494 /* ALLocationReminderManager.h */,
				FA664A2716788A72007DC494 /* ALLocationReminders.h */,
				FA664A2816788A72007DC494 /* ALLocationReminderStore.h */,
				FA664A2916788A72007DC494 /* ALLocationReminderStore.m */,
				FA664A2A16788A72007DC494 /* ALLocationReminder.h */,
				FA664A2B16788A72007DC494 /* ALLocationReminder.m */,
			);
			name = ALLocationReminders;
			sourceTree = "<group>";
		};
		FAB95B6F1663AE8D00A09853 = {
			isa = PBXGroup;
			children = (
				FACC102716C58D5700EADB3F /* icon.png */,
				FACC102416C58D5000EADB3F /* icon@2x.png */,
				FAB95B841663AE8D00A09853 /* Class Mate */,
				FAB95B7D1663AE8D00A09853 /* Frameworks */,
				FAB95B7B1663AE8D00A09853 /* Products */,
				66AD20DB0DF1487D8D047199 /* Pods.xcconfig */,
			);
			sourceTree = "<group>";
		};
		FAB95B7B1663AE8D00A09853 /* Products */ = {
			isa = PBXGroup;
			children = (
				FAB95B7A1663AE8D00A09853 /* Class Mate.app */,
			);
			name = Products;
			sourceTree = "<group>";
		};
		FAB95B7D1663AE8D00A09853 /* Frameworks */ = {
			isa = PBXGroup;
			children = (
				FA4B141716AD79910025986A /* QuartzCore.framework */,
				FA4683C416A8A2AF007A839C /* AddressBook.framework */,
				FAB6D2AB16A897A000E23526 /* AddressBookUI.framework */,
				FA46B8A21668D6C700936AE6 /* MapKit.framework */,
				FA7E19371666999D00A3D890 /* CoreLocation.framework */,
				FAB95B7E1663AE8D00A09853 /* UIKit.framework */,
				FAB95B801663AE8D00A09853 /* Foundation.framework */,
				FAB95B821663AE8D00A09853 /* CoreGraphics.framework */,
				F5A7442452904C11BD74FEF6 /* libPods.a */,
				FA13298516B4015D00FA5B27 /* SenTestingKit.framework */,
			);
			name = Frameworks;
			sourceTree = "<group>";
		};
		FAB95B841663AE8D00A09853 /* Class Mate */ = {
			isa = PBXGroup;
			children = (
				FA0454B616AF0609002EB841 /* Application */,
				FA6E7F9F16B81F6900BCD68E /* Models */,
				FA0454AE16AF04E1002EB841 /* View Controllers */,
				FA0454B716AF062F002EB841 /* Views */,
				FA0454B816AF06DB002EB841 /* Misc */,
				FA7E1936166696A700A3D890 /* ALLocationReminders */,
				FA48C96B16A1999E008E4F64 /* Location.gpx */,
				FAB95B851663AE8D00A09853 /* Supporting Files */,
			);
			path = "Class Mate";
			sourceTree = "<group>";
		};
		FAB95B851663AE8D00A09853 /* Supporting Files */ = {
			isa = PBXGroup;
			children = (
				FA0454BA16AF0C0D002EB841 /* SSTextView.h */,
				FA0454BB16AF0C0D002EB841 /* SSTextView.m */,
				FA04460D1680832700C47BA8 /* Images */,
				FAB95B861663AE8D00A09853 /* Class Mate-Info.plist */,
				FAB95B871663AE8D00A09853 /* InfoPlist.strings */,
				FAB95B8A1663AE8D00A09853 /* main.m */,
				FAB95B8C1663AE8D00A09853 /* Class Mate-Prefix.pch */,
				FAB95B901663AE8D00A09853 /* Default.png */,
				FAB95B921663AE8D00A09853 /* Default@2x.png */,
				FAB95B941663AE8D00A09853 /* Default-568h@2x.png */,
			);
			name = "Supporting Files";
			sourceTree = "<group>";
		};
/* End PBXGroup section */

/* Begin PBXNativeTarget section */
		FAB95B791663AE8D00A09853 /* Class Mate */ = {
			isa = PBXNativeTarget;
			buildConfigurationList = FAB95B9E1663AE8D00A09853 /* Build configuration list for PBXNativeTarget "Class Mate" */;
			buildPhases = (
				FAB95B761663AE8D00A09853 /* Sources */,
				FAB95B771663AE8D00A09853 /* Frameworks */,
				FAB95B781663AE8D00A09853 /* Resources */,
				497ACEB5E716418AB7B04E43 /* Copy Pods Resources */,
			);
			buildRules = (
			);
			dependencies = (
			);
			name = "Class Mate";
			productName = "Class Mate";
			productReference = FAB95B7A1663AE8D00A09853 /* Class Mate.app */;
			productType = "com.apple.product-type.application";
		};
/* End PBXNativeTarget section */

/* Begin PBXProject section */
		FAB95B711663AE8D00A09853 /* Project object */ = {
			isa = PBXProject;
			attributes = {
				CLASSPREFIX = CM;
				LastUpgradeCheck = 0450;
				ORGANIZATIONNAME = "Alex Layton";
			};
			buildConfigurationList = FAB95B741663AE8D00A09853 /* Build configuration list for PBXProject "Class Mate" */;
			compatibilityVersion = "Xcode 3.2";
			developmentRegion = English;
			hasScannedForEncodings = 0;
			knownRegions = (
				en,
			);
			mainGroup = FAB95B6F1663AE8D00A09853;
			productRefGroup = FAB95B7B1663AE8D00A09853 /* Products */;
			projectDirPath = "";
			projectRoot = "";
			targets = (
				FAB95B791663AE8D00A09853 /* Class Mate */,
			);
		};
/* End PBXProject section */

/* Begin PBXResourcesBuildPhase section */
		FAB95B781663AE8D00A09853 /* Resources */ = {
			isa = PBXResourcesBuildPhase;
			buildActionMask = 2147483647;
			files = (
				FAB95B891663AE8D00A09853 /* InfoPlist.strings in Resources */,
				FAB95B911663AE8D00A09853 /* Default.png in Resources */,
				FAB95B931663AE8D00A09853 /* Default@2x.png in Resources */,
				FAB95B951663AE8D00A09853 /* Default-568h@2x.png in Resources */,
				FAB95B981663AE8D00A09853 /* MainStoryboard_iPhone.storyboard in Resources */,
				FA0446101680832700C47BA8 /* navbar.png in Resources */,
				FA0446111680832700C47BA8 /* navbar@2x.png in Resources */,
				FA0446181680862100C47BA8 /* backbutton.png in Resources */,
				FA0446191680862100C47BA8 /* backbutton@2x.png in Resources */,
				FA04461A1680862100C47BA8 /* barbutton.png in Resources */,
				FA04461B1680862100C47BA8 /* barbutton@2x.png in Resources */,
				FA04461C1680862100C47BA8 /* toolbar.png in Resources */,
				FA04461D1680862100C47BA8 /* toolbar@2x.png in Resources */,
				FA04462416808E9E00C47BA8 /* pattern.png in Resources */,
				FA04462516808E9E00C47BA8 /* pattern@2x.png in Resources */,
				FA48C96C16A1999E008E4F64 /* Location.gpx in Resources */,
				FA02147916A19D30002245C2 /* backbuttonblue.png in Resources */,
				FA02147A16A19D30002245C2 /* backbuttonblue@2x.png in Resources */,
				FA02147E16A19D3B002245C2 /* barbuttonblue.png in Resources */,
				FA02147F16A19D3B002245C2 /* barbuttonblue@2x.png in Resources */,
				FA9E5BD616A3035C005B130E /* searchbar.png in Resources */,
				FA9E5BD716A3035C005B130E /* searchbar@2x.png in Resources */,
				FA6E7B5416B156CA005EF510 /* book.png in Resources */,
				FA6E7B5516B156CA005EF510 /* book@2x.png in Resources */,
				FA6E7B5616B156CA005EF510 /* places.png in Resources */,
				FA6E7B5716B156CA005EF510 /* places@2x.png in Resources */,
				FA6E7B5816B156CA005EF510 /* star.png in Resources */,
				FA6E7B5916B156CA005EF510 /* star@2x.png in Resources */,
				FA6E7B5C16B15871005EF510 /* gear.png in Resources */,
				FA6E7B5D16B15871005EF510 /* gear@2x.png in Resources */,
				FA6E7B6016B15910005EF510 /* location-arrow.png in Resources */,
				FA6E7B6116B15910005EF510 /* location-arrow@2x.png in Resources */,
				FA1329F516B402DA00FA5B27 /* MainStoryboard_iPad.storyboard in Resources */,
				FAF345A316C057F1003636CC /* navbar-test.png in Resources */,
				FAF345A416C057F1003636CC /* navbar-test@2x.png in Resources */,
				FAF345A716C05A6A003636CC /* class-mate.png in Resources */,
				FAF345A816C05A6A003636CC /* class-mate@2x.png in Resources */,
				FACC102516C58D5000EADB3F /* icon@2x.png in Resources */,
				FACC102816C58D5700EADB3F /* icon.png in Resources */,
			);
			runOnlyForDeploymentPostprocessing = 0;
		};
/* End PBXResourcesBuildPhase section */

/* Begin PBXShellScriptBuildPhase section */
		497ACEB5E716418AB7B04E43 /* Copy Pods Resources */ = {
			isa = PBXShellScriptBuildPhase;
			buildActionMask = 2147483647;
			files = (
			);
			inputPaths = (
			);
			name = "Copy Pods Resources";
			outputPaths = (
			);
			runOnlyForDeploymentPostprocessing = 0;
			shellPath = /bin/sh;
			shellScript = "\"${SRCROOT}/Pods/Pods-resources.sh\"\n";
		};
/* End PBXShellScriptBuildPhase section */

/* Begin PBXSourcesBuildPhase section */
		FAB95B761663AE8D00A09853 /* Sources */ = {
			isa = PBXSourcesBuildPhase;
			buildActionMask = 2147483647;
			files = (
				FAB95B8B1663AE8D00A09853 /* main.m in Sources */,
				FAB95B8F1663AE8D00A09853 /* CMAppDelegate.m in Sources */,
				FAB95B9B1663AE8D00A09853 /* CMViewController.m in Sources */,
				FAB95BA31663B2C000A09853 /* CMSettingsViewController.m in Sources */,
				FA49E922166619050048A5C7 /* CMRemindersViewController.m in Sources */,
				FAD330661666DB3D00CF8DC9 /* CMReminderViewController.m in Sources */,
				FA46B8A01668D50100936AE6 /* CMMapViewController.m in Sources */,
				FAA9A679166CAFEF009E5D1B /* CMSettingsDetailViewController.m in Sources */,
				FA664A2C16788A72007DC494 /* ALLocationReminderManager.m in Sources */,
				FA664A2D16788A72007DC494 /* ALLocationReminderStore.m in Sources */,
				FA664A2E16788A72007DC494 /* ALLocationReminder.m in Sources */,
				FAB761CF167F8746001BD9D7 /* CMAddReminderViewController.m in Sources */,
				FAB761D3167F929B001BD9D7 /* CMPlacesViewController.m in Sources */,
				FAD322BF1681EBD400FC824C /* CMReminderAnnotation.m in Sources */,
				FA9E5BDB16A30557005B130E /* CMPlaceViewController.m in Sources */,
				FAB6D2B316A8994A00E23526 /* CMAddressViewController.m in Sources */,
				FA0454AC16AEDD89002EB841 /* CMAddress.m in Sources */,
				FA0454BC16AF0C0D002EB841 /* SSTextView.m in Sources */,
				FA6E7B4C16B14F09005EF510 /* CMFavouritesViewController.m in Sources */,
				FAD4E7BF16B2FFF700ECDC4C /* CMGooglePlace.m in Sources */,
				FAA3CEBE16B68BE300BB38A1 /* CMPlace.m in Sources */,
				FA6E7FA316B81F8600BCD68E /* CMFavourites.m in Sources */,
				FA42400C16BBDAA60092671B /* CMAddTestViewController.m in Sources */,
				FA42401216BBEC2A0092671B /* CMOptionViewController.m in Sources */,
				FADAB26116BD24D800BDC468 /* CMDatePickerCell.m in Sources */,
				FAFD94FD16BFDA2300A5BFA1 /* CMHUDViewController.m in Sources */,
				FAAB414616C524CA000B9A6F /* CMPair.m in Sources */,
			);
			runOnlyForDeploymentPostprocessing = 0;
		};
/* End PBXSourcesBuildPhase section */

/* Begin PBXVariantGroup section */
		FA1329F316B402DA00FA5B27 /* MainStoryboard_iPad.storyboard */ = {
			isa = PBXVariantGroup;
			children = (
				FA1329F416B402DA00FA5B27 /* en */,
			);
			name = MainStoryboard_iPad.storyboard;
			sourceTree = "<group>";
		};
		FAB95B871663AE8D00A09853 /* InfoPlist.strings */ = {
			isa = PBXVariantGroup;
			children = (
				FAB95B881663AE8D00A09853 /* en */,
			);
			name = InfoPlist.strings;
			sourceTree = "<group>";
		};
		FAB95B961663AE8D00A09853 /* MainStoryboard_iPhone.storyboard */ = {
			isa = PBXVariantGroup;
			children = (
				FAB95B971663AE8D00A09853 /* en */,
			);
			name = MainStoryboard_iPhone.storyboard;
			sourceTree = "<group>";
		};
/* End PBXVariantGroup section */

/* Begin XCBuildConfiguration section */
		FAB95B9C1663AE8D00A09853 /* Debug */ = {
			isa = XCBuildConfiguration;
			buildSettings = {
				ALWAYS_SEARCH_USER_PATHS = NO;
				CLANG_CXX_LANGUAGE_STANDARD = "gnu++0x";
				CLANG_CXX_LIBRARY = "libc++";
				CLANG_ENABLE_OBJC_ARC = YES;
				CLANG_WARN_EMPTY_BODY = YES;
				CLANG_WARN__DUPLICATE_METHOD_MATCH = YES;
				"CODE_SIGN_IDENTITY[sdk=iphoneos*]" = "iPhone Developer";
				COPY_PHASE_STRIP = NO;
				GCC_C_LANGUAGE_STANDARD = gnu99;
				GCC_DYNAMIC_NO_PIC = NO;
				GCC_OPTIMIZATION_LEVEL = 0;
				GCC_PREPROCESSOR_DEFINITIONS = (
					"DEBUG=1",
					"$(inherited)",
				);
				GCC_SYMBOLS_PRIVATE_EXTERN = NO;
				GCC_WARN_ABOUT_RETURN_TYPE = YES;
				GCC_WARN_UNINITIALIZED_AUTOS = YES;
				GCC_WARN_UNUSED_VARIABLE = YES;
				IPHONEOS_DEPLOYMENT_TARGET = 6.0;
				SDKROOT = iphoneos;
				TARGETED_DEVICE_FAMILY = "1,2";
			};
			name = Debug;
		};
		FAB95B9D1663AE8D00A09853 /* Release */ = {
			isa = XCBuildConfiguration;
			buildSettings = {
				ALWAYS_SEARCH_USER_PATHS = NO;
				CLANG_CXX_LANGUAGE_STANDARD = "gnu++0x";
				CLANG_CXX_LIBRARY = "libc++";
				CLANG_ENABLE_OBJC_ARC = YES;
				CLANG_WARN_EMPTY_BODY = YES;
				CLANG_WARN__DUPLICATE_METHOD_MATCH = YES;
				"CODE_SIGN_IDENTITY[sdk=iphoneos*]" = "iPhone Developer";
				COPY_PHASE_STRIP = YES;
				GCC_C_LANGUAGE_STANDARD = gnu99;
				GCC_WARN_ABOUT_RETURN_TYPE = YES;
				GCC_WARN_UNINITIALIZED_AUTOS = YES;
				GCC_WARN_UNUSED_VARIABLE = YES;
				IPHONEOS_DEPLOYMENT_TARGET = 6.0;
				OTHER_CFLAGS = "-DNS_BLOCK_ASSERTIONS=1";
				SDKROOT = iphoneos;
				TARGETED_DEVICE_FAMILY = "1,2";
				VALIDATE_PRODUCT = YES;
			};
			name = Release;
		};
		FAB95B9F1663AE8D00A09853 /* Debug */ = {
			isa = XCBuildConfiguration;
			baseConfigurationReference = 66AD20DB0DF1487D8D047199 /* Pods.xcconfig */;
			buildSettings = {
				GCC_PRECOMPILE_PREFIX_HEADER = YES;
				GCC_PREFIX_HEADER = "Class Mate/Class Mate-Prefix.pch";
				INFOPLIST_FILE = "Class Mate/Class Mate-Info.plist";
				PRODUCT_NAME = "$(TARGET_NAME)";
				TARGETED_DEVICE_FAMILY = 1;
				WRAPPER_EXTENSION = app;
			};
			name = Debug;
		};
		FAB95BA01663AE8D00A09853 /* Release */ = {
			isa = XCBuildConfiguration;
			baseConfigurationReference = 66AD20DB0DF1487D8D047199 /* Pods.xcconfig */;
			buildSettings = {
				GCC_PRECOMPILE_PREFIX_HEADER = YES;
				GCC_PREFIX_HEADER = "Class Mate/Class Mate-Prefix.pch";
				INFOPLIST_FILE = "Class Mate/Class Mate-Info.plist";
				PRODUCT_NAME = "$(TARGET_NAME)";
				TARGETED_DEVICE_FAMILY = 1;
				WRAPPER_EXTENSION = app;
			};
			name = Release;
		};
/* End XCBuildConfiguration section */

/* Begin XCConfigurationList section */
		FAB95B741663AE8D00A09853 /* Build configuration list for PBXProject "Class Mate" */ = {
			isa = XCConfigurationList;
			buildConfigurations = (
				FAB95B9C1663AE8D00A09853 /* Debug */,
				FAB95B9D1663AE8D00A09853 /* Release */,
			);
			defaultConfigurationIsVisible = 0;
			defaultConfigurationName = Release;
		};
		FAB95B9E1663AE8D00A09853 /* Build configuration list for PBXNativeTarget "Class Mate" */ = {
			isa = XCConfigurationList;
			buildConfigurations = (
				FAB95B9F1663AE8D00A09853 /* Debug */,
				FAB95BA01663AE8D00A09853 /* Release */,
			);
			defaultConfigurationIsVisible = 0;
			defaultConfigurationName = Release;
		};
/* End XCConfigurationList section */
	};
	rootObject = FAB95B711663AE8D00A09853 /* Project object */;
}
