<?xml version="1.0" encoding="UTF-8"?>
<!DOCTYPE plist PUBLIC "-//Apple//DTD PLIST 1.0//EN" "http://www.apple.com/DTDs/PropertyList-1.0.dtd">
<plist version="1.0">
<dict>
	<key>archiveVersion</key>
	<string>1</string>
	<key>classes</key>
	<dict/>
	<key>objectVersion</key>
	<string>46</string>
	<key>objects</key>
	<dict>
		<key>2CBD016D61574F05AD1FCEEA</key>
		<dict>
			<key>fileRef</key>
			<string>81503C57553247AEA605BDF3</string>
			<key>isa</key>
			<string>PBXBuildFile</string>
			<key>settings</key>
			<dict/>
		</dict>
		<key>81503C57553247AEA605BDF3</key>
		<dict>
			<key>explicitFileType</key>
			<string>archive.ar</string>
			<key>includeInIndex</key>
			<string>0</string>
			<key>isa</key>
			<string>PBXFileReference</string>
			<key>name</key>
			<string>libPods.a</string>
			<key>path</key>
			<string>libPods.a</string>
			<key>sourceTree</key>
			<string>BUILT_PRODUCTS_DIR</string>
		</dict>
		<key>950954325383450E94F8ABBB</key>
		<dict>
			<key>buildActionMask</key>
			<string>2147483647</string>
			<key>files</key>
			<array/>
			<key>inputPaths</key>
			<array/>
			<key>isa</key>
			<string>PBXShellScriptBuildPhase</string>
			<key>name</key>
			<string>Copy Pods Resources</string>
			<key>outputPaths</key>
			<array/>
			<key>runOnlyForDeploymentPostprocessing</key>
			<string>0</string>
			<key>shellPath</key>
			<string>/bin/sh</string>
			<key>shellScript</key>
			<string>"${SRCROOT}/Pods/Pods-resources.sh"
</string>
			<key>showEnvVarsInLog</key>
			<string>1</string>
		</dict>
		<key>F64A7F3DE63D4C4E86E840B7</key>
		<dict>
			<key>includeInIndex</key>
			<string>1</string>
			<key>isa</key>
			<string>PBXFileReference</string>
			<key>lastKnownFileType</key>
			<string>text.xcconfig</string>
			<key>name</key>
			<string>Pods.xcconfig</string>
			<key>path</key>
			<string>Pods/Pods.xcconfig</string>
			<key>sourceTree</key>
			<string>SOURCE_ROOT</string>
		</dict>
		<key>FA11E5F01650715200ACB557</key>
		<dict>
			<key>isa</key>
			<string>PBXFileReference</string>
			<key>lastKnownFileType</key>
			<string>text.xml</string>
			<key>path</key>
			<string>Location.gpx</string>
			<key>sourceTree</key>
			<string>&lt;group&gt;</string>
		</dict>
		<key>FA12D65816514B350055E129</key>
		<dict>
			<key>fileEncoding</key>
			<string>4</string>
			<key>isa</key>
			<string>PBXFileReference</string>
			<key>lastKnownFileType</key>
			<string>sourcecode.c.h</string>
			<key>path</key>
			<string>ALPreemptiveViewController.h</string>
			<key>sourceTree</key>
			<string>&lt;group&gt;</string>
		</dict>
		<key>FA12D65916514B350055E129</key>
		<dict>
			<key>fileEncoding</key>
			<string>4</string>
			<key>isa</key>
			<string>PBXFileReference</string>
			<key>lastKnownFileType</key>
			<string>sourcecode.c.objc</string>
			<key>path</key>
			<string>ALPreemptiveViewController.m</string>
			<key>sourceTree</key>
			<string>&lt;group&gt;</string>
		</dict>
		<key>FA12D65A16514B350055E129</key>
		<dict>
			<key>fileRef</key>
			<string>FA12D65916514B350055E129</string>
			<key>isa</key>
			<string>PBXBuildFile</string>
		</dict>
		<key>FA92B72B1656D8B800B27EA4</key>
		<dict>
			<key>isa</key>
			<string>PBXFileReference</string>
			<key>lastKnownFileType</key>
			<string>sourcecode.c.h</string>
			<key>path</key>
			<string>ALLocationReminders.h</string>
			<key>sourceTree</key>
			<string>&lt;group&gt;</string>
		</dict>
		<key>FA94927B1637207400106017</key>
		<dict>
			<key>fileEncoding</key>
			<string>4</string>
			<key>isa</key>
			<string>PBXFileReference</string>
			<key>lastKnownFileType</key>
			<string>sourcecode.c.h</string>
			<key>path</key>
			<string>ALLocationReminderManager.h</string>
			<key>sourceTree</key>
			<string>&lt;group&gt;</string>
		</dict>
		<key>FA94927C1637207400106017</key>
		<dict>
			<key>fileEncoding</key>
			<string>4</string>
			<key>isa</key>
			<string>PBXFileReference</string>
			<key>lastKnownFileType</key>
			<string>sourcecode.c.objc</string>
			<key>path</key>
			<string>ALLocationReminderManager.m</string>
			<key>sourceTree</key>
			<string>&lt;group&gt;</string>
		</dict>
		<key>FA94927D1637207400106017</key>
		<dict>
			<key>fileRef</key>
			<string>FA94927C1637207400106017</string>
			<key>isa</key>
			<string>PBXBuildFile</string>
		</dict>
		<key>FA9F5A4316315617006ECACC</key>
		<dict>
			<key>children</key>
			<array>
				<string>FAAAD6451646B521000A9CF8</string>
				<string>FA9F5A7916317022006ECACC</string>
				<string>FA9F5A5816315617006ECACC</string>
				<string>FA9F5A5116315617006ECACC</string>
				<string>FA9F5A4F16315617006ECACC</string>
				<string>F64A7F3DE63D4C4E86E840B7</string>
			</array>
			<key>isa</key>
			<string>PBXGroup</string>
			<key>sourceTree</key>
			<string>&lt;group&gt;</string>
		</dict>
		<key>FA9F5A4516315617006ECACC</key>
		<dict>
			<key>attributes</key>
			<dict>
				<key>CLASSPREFIX</key>
				<string>AL</string>
				<key>LastUpgradeCheck</key>
				<string>0450</string>
				<key>ORGANIZATIONNAME</key>
				<string>Alex Layton</string>
			</dict>
			<key>buildConfigurationList</key>
			<string>FA9F5A4816315617006ECACC</string>
			<key>compatibilityVersion</key>
			<string>Xcode 3.2</string>
			<key>developmentRegion</key>
			<string>English</string>
			<key>hasScannedForEncodings</key>
			<string>0</string>
			<key>isa</key>
			<string>PBXProject</string>
			<key>knownRegions</key>
			<array>
				<string>en</string>
			</array>
			<key>mainGroup</key>
			<string>FA9F5A4316315617006ECACC</string>
			<key>productRefGroup</key>
			<string>FA9F5A4F16315617006ECACC</string>
			<key>projectDirPath</key>
			<string></string>
			<key>projectReferences</key>
			<array/>
			<key>projectRoot</key>
			<string></string>
			<key>targets</key>
			<array>
				<string>FA9F5A4D16315617006ECACC</string>
			</array>
		</dict>
		<key>FA9F5A4816315617006ECACC</key>
		<dict>
			<key>buildConfigurations</key>
			<array>
				<string>FA9F5A6A16315617006ECACC</string>
				<string>FA9F5A6B16315617006ECACC</string>
			</array>
			<key>defaultConfigurationIsVisible</key>
			<string>0</string>
			<key>defaultConfigurationName</key>
			<string>Release</string>
			<key>isa</key>
			<string>XCConfigurationList</string>
		</dict>
		<key>FA9F5A4A16315617006ECACC</key>
		<dict>
			<key>buildActionMask</key>
			<string>2147483647</string>
			<key>files</key>
			<array>
				<string>FA9F5A5F16315617006ECACC</string>
				<string>FA9F5A6316315617006ECACC</string>
				<string>FA9F5A7816316FDE006ECACC</string>
				<string>FA9F5A8D1631A366006ECACC</string>
				<string>FA94927D1637207400106017</string>
				<string>FAAAD6431646A5F0000A9CF8</string>
				<string>FAAAD6491646BF18000A9CF8</string>
				<string>FA12D65A16514B350055E129</string>
			</array>
			<key>isa</key>
			<string>PBXSourcesBuildPhase</string>
			<key>runOnlyForDeploymentPostprocessing</key>
			<string>0</string>
		</dict>
		<key>FA9F5A4B16315617006ECACC</key>
		<dict>
			<key>buildActionMask</key>
			<string>2147483647</string>
			<key>files</key>
			<array>
				<string>FAAAD6461646B521000A9CF8</string>
				<string>FA9F5A7A16317022006ECACC</string>
				<string>FA9F5A5316315617006ECACC</string>
				<string>FA9F5A5516315617006ECACC</string>
				<string>FA9F5A5716315617006ECACC</string>
				<string>2CBD016D61574F05AD1FCEEA</string>
			</array>
			<key>isa</key>
			<string>PBXFrameworksBuildPhase</string>
			<key>runOnlyForDeploymentPostprocessing</key>
			<string>0</string>
		</dict>
		<key>FA9F5A4C16315617006ECACC</key>
		<dict>
			<key>buildActionMask</key>
			<string>2147483647</string>
			<key>files</key>
			<array>
				<string>FA9F5A5D16315617006ECACC</string>
				<string>FA9F5A6516315617006ECACC</string>
				<string>FA9F5A6716315617006ECACC</string>
				<string>FA9F5A6916315617006ECACC</string>
				<string>FAAAD64B1646C7EB000A9CF8</string>
			</array>
			<key>isa</key>
			<string>PBXResourcesBuildPhase</string>
			<key>runOnlyForDeploymentPostprocessing</key>
			<string>0</string>
		</dict>
		<key>FA9F5A4D16315617006ECACC</key>
		<dict>
			<key>buildConfigurationList</key>
			<string>FA9F5A6C16315617006ECACC</string>
			<key>buildPhases</key>
			<array>
				<string>FA9F5A4A16315617006ECACC</string>
				<string>FA9F5A4B16315617006ECACC</string>
				<string>FA9F5A4C16315617006ECACC</string>
				<string>950954325383450E94F8ABBB</string>
			</array>
			<key>buildRules</key>
			<array/>
			<key>dependencies</key>
			<array/>
			<key>isa</key>
			<string>PBXNativeTarget</string>
			<key>name</key>
			<string>ALLocationReminders</string>
			<key>productName</key>
			<string>ALLocationReminders</string>
			<key>productReference</key>
			<string>FA9F5A4E16315617006ECACC</string>
			<key>productType</key>
			<string>com.apple.product-type.application</string>
		</dict>
		<key>FA9F5A4E16315617006ECACC</key>
		<dict>
			<key>explicitFileType</key>
			<string>wrapper.application</string>
			<key>includeInIndex</key>
			<string>0</string>
			<key>isa</key>
			<string>PBXFileReference</string>
			<key>path</key>
			<string>ALLocationReminders.app</string>
			<key>sourceTree</key>
			<string>BUILT_PRODUCTS_DIR</string>
		</dict>
		<key>FA9F5A4F16315617006ECACC</key>
		<dict>
			<key>children</key>
			<array>
				<string>FA9F5A4E16315617006ECACC</string>
			</array>
			<key>isa</key>
			<string>PBXGroup</string>
			<key>name</key>
			<string>Products</string>
			<key>sourceTree</key>
			<string>&lt;group&gt;</string>
		</dict>
		<key>FA9F5A5116315617006ECACC</key>
		<dict>
			<key>children</key>
			<array>
				<string>FA9F5A5216315617006ECACC</string>
				<string>FA9F5A5416315617006ECACC</string>
				<string>FA9F5A5616315617006ECACC</string>
				<string>81503C57553247AEA605BDF3</string>
			</array>
			<key>isa</key>
			<string>PBXGroup</string>
			<key>name</key>
			<string>Frameworks</string>
			<key>sourceTree</key>
			<string>&lt;group&gt;</string>
		</dict>
		<key>FA9F5A5216315617006ECACC</key>
		<dict>
			<key>isa</key>
			<string>PBXFileReference</string>
			<key>lastKnownFileType</key>
			<string>wrapper.framework</string>
			<key>name</key>
			<string>UIKit.framework</string>
			<key>path</key>
			<string>System/Library/Frameworks/UIKit.framework</string>
			<key>sourceTree</key>
			<string>SDKROOT</string>
		</dict>
		<key>FA9F5A5316315617006ECACC</key>
		<dict>
			<key>fileRef</key>
			<string>FA9F5A5216315617006ECACC</string>
			<key>isa</key>
			<string>PBXBuildFile</string>
		</dict>
		<key>FA9F5A5416315617006ECACC</key>
		<dict>
			<key>isa</key>
			<string>PBXFileReference</string>
			<key>lastKnownFileType</key>
			<string>wrapper.framework</string>
			<key>name</key>
			<string>Foundation.framework</string>
			<key>path</key>
			<string>System/Library/Frameworks/Foundation.framework</string>
			<key>sourceTree</key>
			<string>SDKROOT</string>
		</dict>
		<key>FA9F5A5516315617006ECACC</key>
		<dict>
			<key>fileRef</key>
			<string>FA9F5A5416315617006ECACC</string>
			<key>isa</key>
			<string>PBXBuildFile</string>
		</dict>
		<key>FA9F5A5616315617006ECACC</key>
		<dict>
			<key>isa</key>
			<string>PBXFileReference</string>
			<key>lastKnownFileType</key>
			<string>wrapper.framework</string>
			<key>name</key>
			<string>CoreGraphics.framework</string>
			<key>path</key>
			<string>System/Library/Frameworks/CoreGraphics.framework</string>
			<key>sourceTree</key>
			<string>SDKROOT</string>
		</dict>
		<key>FA9F5A5716315617006ECACC</key>
		<dict>
			<key>fileRef</key>
			<string>FA9F5A5616315617006ECACC</string>
			<key>isa</key>
			<string>PBXBuildFile</string>
		</dict>
		<key>FA9F5A5816315617006ECACC</key>
		<dict>
			<key>children</key>
			<array>
				<string>FA92B72B1656D8B800B27EA4</string>
				<string>FA9F5A6116315617006ECACC</string>
				<string>FA9F5A6216315617006ECACC</string>
				<string>FA9F5A7616316FDD006ECACC</string>
				<string>FA9F5A7716316FDD006ECACC</string>
				<string>FA9F5A8B1631A366006ECACC</string>
				<string>FA9F5A8C1631A366006ECACC</string>
				<string>FA94927B1637207400106017</string>
				<string>FA94927C1637207400106017</string>
				<string>FAAAD6401646A5F0000A9CF8</string>
				<string>FAAAD6411646A5F0000A9CF8</string>
				<string>FA12D65816514B350055E129</string>
				<string>FA12D65916514B350055E129</string>
				<string>FAAAD6471646BF18000A9CF8</string>
				<string>FAAAD6481646BF18000A9CF8</string>
				<string>FAAAD64A1646C7EB000A9CF8</string>
				<string>FA11E5F01650715200ACB557</string>
				<string>FA9F5A5916315617006ECACC</string>
			</array>
			<key>isa</key>
			<string>PBXGroup</string>
			<key>path</key>
			<string>ALLocationReminders</string>
			<key>sourceTree</key>
			<string>&lt;group&gt;</string>
		</dict>
		<key>FA9F5A5916315617006ECACC</key>
		<dict>
			<key>children</key>
			<array>
				<string>FA9F5A5A16315617006ECACC</string>
				<string>FA9F5A5B16315617006ECACC</string>
				<string>FA9F5A5E16315617006ECACC</string>
				<string>FA9F5A6016315617006ECACC</string>
				<string>FA9F5A6416315617006ECACC</string>
				<string>FA9F5A6616315617006ECACC</string>
				<string>FA9F5A6816315617006ECACC</string>
			</array>
			<key>isa</key>
			<string>PBXGroup</string>
			<key>name</key>
			<string>Supporting Files</string>
			<key>sourceTree</key>
			<string>&lt;group&gt;</string>
		</dict>
		<key>FA9F5A5A16315617006ECACC</key>
		<dict>
			<key>isa</key>
			<string>PBXFileReference</string>
			<key>lastKnownFileType</key>
			<string>text.plist.xml</string>
			<key>path</key>
			<string>ALLocationReminders-Info.plist</string>
			<key>sourceTree</key>
			<string>&lt;group&gt;</string>
		</dict>
		<key>FA9F5A5B16315617006ECACC</key>
		<dict>
			<key>children</key>
			<array>
				<string>FA9F5A5C16315617006ECACC</string>
			</array>
			<key>isa</key>
			<string>PBXVariantGroup</string>
			<key>name</key>
			<string>InfoPlist.strings</string>
			<key>sourceTree</key>
			<string>&lt;group&gt;</string>
		</dict>
		<key>FA9F5A5C16315617006ECACC</key>
		<dict>
			<key>isa</key>
			<string>PBXFileReference</string>
			<key>lastKnownFileType</key>
			<string>text.plist.strings</string>
			<key>name</key>
			<string>en</string>
			<key>path</key>
			<string>en.lproj/InfoPlist.strings</string>
			<key>sourceTree</key>
			<string>&lt;group&gt;</string>
		</dict>
		<key>FA9F5A5D16315617006ECACC</key>
		<dict>
			<key>fileRef</key>
			<string>FA9F5A5B16315617006ECACC</string>
			<key>isa</key>
			<string>PBXBuildFile</string>
		</dict>
		<key>FA9F5A5E16315617006ECACC</key>
		<dict>
			<key>isa</key>
			<string>PBXFileReference</string>
			<key>lastKnownFileType</key>
			<string>sourcecode.c.objc</string>
			<key>path</key>
			<string>main.m</string>
			<key>sourceTree</key>
			<string>&lt;group&gt;</string>
		</dict>
		<key>FA9F5A5F16315617006ECACC</key>
		<dict>
			<key>fileRef</key>
			<string>FA9F5A5E16315617006ECACC</string>
			<key>isa</key>
			<string>PBXBuildFile</string>
		</dict>
		<key>FA9F5A6016315617006ECACC</key>
		<dict>
			<key>isa</key>
			<string>PBXFileReference</string>
			<key>lastKnownFileType</key>
			<string>sourcecode.c.h</string>
			<key>path</key>
			<string>ALLocationReminders-Prefix.pch</string>
			<key>sourceTree</key>
			<string>&lt;group&gt;</string>
		</dict>
		<key>FA9F5A6116315617006ECACC</key>
		<dict>
			<key>isa</key>
			<string>PBXFileReference</string>
			<key>lastKnownFileType</key>
			<string>sourcecode.c.h</string>
			<key>path</key>
			<string>ALAppDelegate.h</string>
			<key>sourceTree</key>
			<string>&lt;group&gt;</string>
		</dict>
		<key>FA9F5A6216315617006ECACC</key>
		<dict>
			<key>isa</key>
			<string>PBXFileReference</string>
			<key>lastKnownFileType</key>
			<string>sourcecode.c.objc</string>
			<key>path</key>
			<string>ALAppDelegate.m</string>
			<key>sourceTree</key>
			<string>&lt;group&gt;</string>
		</dict>
		<key>FA9F5A6316315617006ECACC</key>
		<dict>
			<key>fileRef</key>
			<string>FA9F5A6216315617006ECACC</string>
			<key>isa</key>
			<string>PBXBuildFile</string>
		</dict>
		<key>FA9F5A6416315617006ECACC</key>
		<dict>
			<key>isa</key>
			<string>PBXFileReference</string>
			<key>lastKnownFileType</key>
			<string>image.png</string>
			<key>path</key>
			<string>Default.png</string>
			<key>sourceTree</key>
			<string>&lt;group&gt;</string>
		</dict>
		<key>FA9F5A6516315617006ECACC</key>
		<dict>
			<key>fileRef</key>
			<string>FA9F5A6416315617006ECACC</string>
			<key>isa</key>
			<string>PBXBuildFile</string>
		</dict>
		<key>FA9F5A6616315617006ECACC</key>
		<dict>
			<key>isa</key>
			<string>PBXFileReference</string>
			<key>lastKnownFileType</key>
			<string>image.png</string>
			<key>path</key>
			<string>Default@2x.png</string>
			<key>sourceTree</key>
			<string>&lt;group&gt;</string>
		</dict>
		<key>FA9F5A6716315617006ECACC</key>
		<dict>
			<key>fileRef</key>
			<string>FA9F5A6616315617006ECACC</string>
			<key>isa</key>
			<string>PBXBuildFile</string>
		</dict>
		<key>FA9F5A6816315617006ECACC</key>
		<dict>
			<key>isa</key>
			<string>PBXFileReference</string>
			<key>lastKnownFileType</key>
			<string>image.png</string>
			<key>path</key>
			<string>Default-568h@2x.png</string>
			<key>sourceTree</key>
			<string>&lt;group&gt;</string>
		</dict>
		<key>FA9F5A6916315617006ECACC</key>
		<dict>
			<key>fileRef</key>
			<string>FA9F5A6816315617006ECACC</string>
			<key>isa</key>
			<string>PBXBuildFile</string>
		</dict>
		<key>FA9F5A6A16315617006ECACC</key>
		<dict>
			<key>buildSettings</key>
			<dict>
				<key>ALWAYS_SEARCH_USER_PATHS</key>
				<string>NO</string>
				<key>CLANG_CXX_LANGUAGE_STANDARD</key>
				<string>gnu++0x</string>
				<key>CLANG_CXX_LIBRARY</key>
				<string>libc++</string>
				<key>CLANG_ENABLE_OBJC_ARC</key>
				<string>YES</string>
				<key>CLANG_WARN_EMPTY_BODY</key>
				<string>YES</string>
				<key>CLANG_WARN__DUPLICATE_METHOD_MATCH</key>
				<string>YES</string>
				<key>CODE_SIGN_IDENTITY[sdk=iphoneos*]</key>
				<string>iPhone Developer</string>
				<key>COPY_PHASE_STRIP</key>
				<string>NO</string>
				<key>GCC_C_LANGUAGE_STANDARD</key>
				<string>gnu99</string>
				<key>GCC_DYNAMIC_NO_PIC</key>
				<string>NO</string>
				<key>GCC_OPTIMIZATION_LEVEL</key>
				<string>0</string>
				<key>GCC_PREPROCESSOR_DEFINITIONS</key>
				<array>
					<string>DEBUG=1</string>
					<string>$(inherited)</string>
				</array>
				<key>GCC_SYMBOLS_PRIVATE_EXTERN</key>
				<string>NO</string>
				<key>GCC_WARN_ABOUT_RETURN_TYPE</key>
				<string>YES</string>
				<key>GCC_WARN_UNINITIALIZED_AUTOS</key>
				<string>YES</string>
				<key>GCC_WARN_UNUSED_VARIABLE</key>
				<string>YES</string>
				<key>IPHONEOS_DEPLOYMENT_TARGET</key>
				<string>6.0</string>
				<key>SDKROOT</key>
				<string>iphoneos</string>
				<key>TARGETED_DEVICE_FAMILY</key>
				<string>1,2</string>
			</dict>
			<key>isa</key>
			<string>XCBuildConfiguration</string>
			<key>name</key>
			<string>Debug</string>
		</dict>
		<key>FA9F5A6B16315617006ECACC</key>
		<dict>
			<key>buildSettings</key>
			<dict>
				<key>ALWAYS_SEARCH_USER_PATHS</key>
				<string>NO</string>
				<key>CLANG_CXX_LANGUAGE_STANDARD</key>
				<string>gnu++0x</string>
				<key>CLANG_CXX_LIBRARY</key>
				<string>libc++</string>
				<key>CLANG_ENABLE_OBJC_ARC</key>
				<string>YES</string>
				<key>CLANG_WARN_EMPTY_BODY</key>
				<string>YES</string>
				<key>CLANG_WARN__DUPLICATE_METHOD_MATCH</key>
				<string>YES</string>
				<key>CODE_SIGN_IDENTITY[sdk=iphoneos*]</key>
				<string>iPhone Developer</string>
				<key>COPY_PHASE_STRIP</key>
				<string>YES</string>
				<key>GCC_C_LANGUAGE_STANDARD</key>
				<string>gnu99</string>
				<key>GCC_WARN_ABOUT_RETURN_TYPE</key>
				<string>YES</string>
				<key>GCC_WARN_UNINITIALIZED_AUTOS</key>
				<string>YES</string>
				<key>GCC_WARN_UNUSED_VARIABLE</key>
				<string>YES</string>
				<key>IPHONEOS_DEPLOYMENT_TARGET</key>
				<string>6.0</string>
				<key>OTHER_CFLAGS</key>
				<string>-DNS_BLOCK_ASSERTIONS=1</string>
				<key>SDKROOT</key>
				<string>iphoneos</string>
				<key>TARGETED_DEVICE_FAMILY</key>
				<string>1,2</string>
				<key>VALIDATE_PRODUCT</key>
				<string>YES</string>
			</dict>
			<key>isa</key>
			<string>XCBuildConfiguration</string>
			<key>name</key>
			<string>Release</string>
		</dict>
		<key>FA9F5A6C16315617006ECACC</key>
		<dict>
			<key>buildConfigurations</key>
			<array>
				<string>FA9F5A6D16315617006ECACC</string>
				<string>FA9F5A6E16315617006ECACC</string>
			</array>
			<key>defaultConfigurationIsVisible</key>
			<string>0</string>
			<key>defaultConfigurationName</key>
			<string>Release</string>
			<key>isa</key>
			<string>XCConfigurationList</string>
		</dict>
		<key>FA9F5A6D16315617006ECACC</key>
		<dict>
			<key>baseConfigurationReference</key>
			<string>F64A7F3DE63D4C4E86E840B7</string>
			<key>buildSettings</key>
			<dict>
				<key>GCC_PRECOMPILE_PREFIX_HEADER</key>
				<string>YES</string>
				<key>GCC_PREFIX_HEADER</key>
				<string>ALLocationReminders/ALLocationReminders-Prefix.pch</string>
				<key>INFOPLIST_FILE</key>
				<string>ALLocationReminders/ALLocationReminders-Info.plist</string>
				<key>IPHONEOS_DEPLOYMENT_TARGET</key>
				<string>6.0</string>
				<key>PRODUCT_NAME</key>
				<string>$(TARGET_NAME)</string>
				<key>WRAPPER_EXTENSION</key>
				<string>app</string>
			</dict>
			<key>isa</key>
			<string>XCBuildConfiguration</string>
			<key>name</key>
			<string>Debug</string>
		</dict>
		<key>FA9F5A6E16315617006ECACC</key>
		<dict>
			<key>baseConfigurationReference</key>
			<string>F64A7F3DE63D4C4E86E840B7</string>
			<key>buildSettings</key>
			<dict>
				<key>GCC_PRECOMPILE_PREFIX_HEADER</key>
				<string>YES</string>
				<key>GCC_PREFIX_HEADER</key>
				<string>ALLocationReminders/ALLocationReminders-Prefix.pch</string>
				<key>INFOPLIST_FILE</key>
				<string>ALLocationReminders/ALLocationReminders-Info.plist</string>
				<key>IPHONEOS_DEPLOYMENT_TARGET</key>
				<string>6.0</string>
				<key>PRODUCT_NAME</key>
				<string>$(TARGET_NAME)</string>
				<key>WRAPPER_EXTENSION</key>
				<string>app</string>
			</dict>
			<key>isa</key>
			<string>XCBuildConfiguration</string>
			<key>name</key>
			<string>Release</string>
		</dict>
		<key>FA9F5A7616316FDD006ECACC</key>
		<dict>
			<key>fileEncoding</key>
			<string>4</string>
			<key>isa</key>
			<string>PBXFileReference</string>
			<key>lastKnownFileType</key>
			<string>sourcecode.c.h</string>
			<key>path</key>
			<string>ALLocationReminderStore.h</string>
			<key>sourceTree</key>
			<string>&lt;group&gt;</string>
		</dict>
		<key>FA9F5A7716316FDD006ECACC</key>
		<dict>
			<key>fileEncoding</key>
			<string>4</string>
			<key>isa</key>
			<string>PBXFileReference</string>
			<key>lastKnownFileType</key>
			<string>sourcecode.c.objc</string>
			<key>path</key>
			<string>ALLocationReminderStore.m</string>
			<key>sourceTree</key>
			<string>&lt;group&gt;</string>
		</dict>
		<key>FA9F5A7816316FDE006ECACC</key>
		<dict>
			<key>fileRef</key>
			<string>FA9F5A7716316FDD006ECACC</string>
			<key>isa</key>
			<string>PBXBuildFile</string>
		</dict>
		<key>FA9F5A7916317022006ECACC</key>
		<dict>
			<key>isa</key>
			<string>PBXFileReference</string>
			<key>lastKnownFileType</key>
			<string>wrapper.framework</string>
			<key>name</key>
			<string>CoreLocation.framework</string>
			<key>path</key>
			<string>System/Library/Frameworks/CoreLocation.framework</string>
			<key>sourceTree</key>
			<string>SDKROOT</string>
		</dict>
		<key>FA9F5A7A16317022006ECACC</key>
		<dict>
			<key>fileRef</key>
			<string>FA9F5A7916317022006ECACC</string>
			<key>isa</key>
			<string>PBXBuildFile</string>
		</dict>
		<key>FA9F5A8B1631A366006ECACC</key>
		<dict>
			<key>fileEncoding</key>
			<string>4</string>
			<key>isa</key>
			<string>PBXFileReference</string>
			<key>lastKnownFileType</key>
			<string>sourcecode.c.h</string>
			<key>path</key>
			<string>ALLocationReminder.h</string>
			<key>sourceTree</key>
			<string>&lt;group&gt;</string>
		</dict>
		<key>FA9F5A8C1631A366006ECACC</key>
		<dict>
			<key>fileEncoding</key>
			<string>4</string>
			<key>isa</key>
			<string>PBXFileReference</string>
			<key>lastKnownFileType</key>
			<string>sourcecode.c.objc</string>
			<key>path</key>
			<string>ALLocationReminder.m</string>
			<key>sourceTree</key>
			<string>&lt;group&gt;</string>
		</dict>
		<key>FA9F5A8D1631A366006ECACC</key>
		<dict>
			<key>fileRef</key>
			<string>FA9F5A8C1631A366006ECACC</string>
			<key>isa</key>
			<string>PBXBuildFile</string>
		</dict>
		<key>FAAAD6401646A5F0000A9CF8</key>
		<dict>
			<key>fileEncoding</key>
			<string>4</string>
			<key>isa</key>
			<string>PBXFileReference</string>
			<key>lastKnownFileType</key>
			<string>sourcecode.c.h</string>
			<key>path</key>
			<string>ALLocationReminderViewController.h</string>
			<key>sourceTree</key>
			<string>&lt;group&gt;</string>
		</dict>
		<key>FAAAD6411646A5F0000A9CF8</key>
		<dict>
			<key>fileEncoding</key>
			<string>4</string>
			<key>isa</key>
			<string>PBXFileReference</string>
			<key>lastKnownFileType</key>
			<string>sourcecode.c.objc</string>
			<key>path</key>
			<string>ALLocationReminderViewController.m</string>
			<key>sourceTree</key>
			<string>&lt;group&gt;</string>
		</dict>
		<key>FAAAD6431646A5F0000A9CF8</key>
		<dict>
			<key>fileRef</key>
			<string>FAAAD6411646A5F0000A9CF8</string>
			<key>isa</key>
			<string>PBXBuildFile</string>
		</dict>
		<key>FAAAD6451646B521000A9CF8</key>
		<dict>
			<key>isa</key>
			<string>PBXFileReference</string>
			<key>lastKnownFileType</key>
			<string>wrapper.framework</string>
			<key>name</key>
			<string>MapKit.framework</string>
			<key>path</key>
			<string>System/Library/Frameworks/MapKit.framework</string>
			<key>sourceTree</key>
			<string>SDKROOT</string>
		</dict>
		<key>FAAAD6461646B521000A9CF8</key>
		<dict>
			<key>fileRef</key>
			<string>FAAAD6451646B521000A9CF8</string>
			<key>isa</key>
			<string>PBXBuildFile</string>
		</dict>
		<key>FAAAD6471646BF18000A9CF8</key>
		<dict>
			<key>fileEncoding</key>
			<string>4</string>
			<key>isa</key>
			<string>PBXFileReference</string>
			<key>lastKnownFileType</key>
			<string>sourcecode.c.h</string>
			<key>path</key>
			<string>ALAnnotation.h</string>
			<key>sourceTree</key>
			<string>&lt;group&gt;</string>
		</dict>
		<key>FAAAD6481646BF18000A9CF8</key>
		<dict>
			<key>fileEncoding</key>
			<string>4</string>
			<key>isa</key>
			<string>PBXFileReference</string>
			<key>lastKnownFileType</key>
			<string>sourcecode.c.objc</string>
			<key>path</key>
			<string>ALAnnotation.m</string>
			<key>sourceTree</key>
			<string>&lt;group&gt;</string>
		</dict>
		<key>FAAAD6491646BF18000A9CF8</key>
		<dict>
			<key>fileRef</key>
			<string>FAAAD6481646BF18000A9CF8</string>
			<key>isa</key>
			<string>PBXBuildFile</string>
		</dict>
		<key>FAAAD64A1646C7EB000A9CF8</key>
		<dict>
			<key>fileEncoding</key>
			<string>4</string>
			<key>isa</key>
			<string>PBXFileReference</string>
			<key>lastKnownFileType</key>
			<string>file.storyboard</string>
			<key>path</key>
			<string>ALLocationRemindersiPhone.storyboard</string>
			<key>sourceTree</key>
			<string>&lt;group&gt;</string>
		</dict>
		<key>FAAAD64B1646C7EB000A9CF8</key>
		<dict>
			<key>fileRef</key>
			<string>FAAAD64A1646C7EB000A9CF8</string>
			<key>isa</key>
			<string>PBXBuildFile</string>
		</dict>
	</dict>
	<key>rootObject</key>
	<string>FA9F5A4516315617006ECACC</string>
</dict>
</plist>
